<?xml version="1.0" encoding="utf-8"?>
<Project ToolsVersion="4.0" xmlns="http://schemas.microsoft.com/developer/msbuild/2003">
  <ItemGroup>
    <Filter Include="Source Files">
      <UniqueIdentifier>{4FC737F1-C7A5-4376-A066-2A32D752A2FF}</UniqueIdentifier>
      <Extensions>cpp;c;cc;cxx;def;odl;idl;hpj;bat;asm;asmx</Extensions>
    </Filter>
    <Filter Include="Header Files">
      <UniqueIdentifier>{93995380-89BD-4b04-88EB-625FBE52EBFB}</UniqueIdentifier>
      <Extensions>h;hpp;hxx;hm;inl;inc;xsd</Extensions>
    </Filter>
    <Filter Include="Resource Files">
      <UniqueIdentifier>{67DA6AB6-F800-4c08-8B7A-83BB121AAD01}</UniqueIdentifier>
      <Extensions>rc;ico;cur;bmp;dlg;rc2;rct;bin;rgs;gif;jpg;jpeg;jpe;resx;tiff;tif;png;wav;mfcribbon-ms</Extensions>
    </Filter>
    <Filter Include="Header Files\externaljob">
      <UniqueIdentifier>{cd0c7640-df1f-4290-ba73-d7edf9b89e27}</UniqueIdentifier>
    </Filter>
    <Filter Include="Source Files\externaljob">
      <UniqueIdentifier>{8f0e1cf7-2004-44c5-b5cd-9600a7ccb5cb}</UniqueIdentifier>
    </Filter>
  </ItemGroup>
  <ItemGroup>
    <ClCompile Include="..\..\..\src\src\taskmanager\Task.cpp">
      <Filter>Source Files</Filter>
    </ClCompile>
    <ClCompile Include="..\..\..\src\src\taskmanager\TaskStepLinkTarget.cpp">
      <Filter>Source Files</Filter>
    </ClCompile>
    <ClCompile Include="..\..\..\src\src\taskmanager\TaskStepPrepareNasMedia.cpp">
      <Filter>Source Files</Filter>
    </ClCompile>
    <ClCompile Include="..\..\..\src\src\taskmanager\TaskStepScanDisk.cpp">
      <Filter>Source Files</Filter>
    </ClCompile>
    <ClCompile Include="..\..\..\src\src\taskmanager\TaskStepScript.cpp">
      <Filter>Source Files</Filter>
    </ClCompile>
    <ClCompile Include="..\..\..\src\src\taskmanager\externaljob\AppProtectJobHandler.cpp">
      <Filter>Source Files\externaljob</Filter>
    </ClCompile>
    <ClCompile Include="..\..\..\src\src\taskmanager\externaljob\ClearMountPointsJob.cpp">
      <Filter>Source Files\externaljob</Filter>
    </ClCompile>
    <ClCompile Include="..\..\..\src\src\taskmanager\externaljob\ExecutorBuilder.cpp">
      <Filter>Source Files\externaljob</Filter>
    </ClCompile>
    <ClCompile Include="..\..\..\src\src\taskmanager\externaljob\Job.cpp">
      <Filter>Source Files\externaljob</Filter>
    </ClCompile>
    <ClCompile Include="..\..\..\src\src\taskmanager\externaljob\JobPool.cpp">
      <Filter>Source Files\externaljob</Filter>
    </ClCompile>
    <ClCompile Include="..\..\..\src\src\taskmanager\externaljob\JobStateDB.cpp">
      <Filter>Source Files\externaljob</Filter>
    </ClCompile>
    <ClCompile Include="..\..\..\src\src\taskmanager\externaljob\JobTimer.cpp">
      <Filter>Source Files\externaljob</Filter>
    </ClCompile>
    <ClCompile Include="..\..\..\src\src\taskmanager\externaljob\PluginAnyTimeRestore.cpp">
      <Filter>Source Files\externaljob</Filter>
    </ClCompile>
    <ClCompile Include="..\..\..\src\src\taskmanager\externaljob\PluginJobFactory.cpp">
      <Filter>Source Files\externaljob</Filter>
    </ClCompile>
    <ClCompile Include="..\..\..\src\src\taskmanager\externaljob\PluginMainJob.cpp">
      <Filter>Source Files\externaljob</Filter>
    </ClCompile>
    <ClCompile Include="..\..\..\src\src\taskmanager\externaljob\PluginSubBusiJob.cpp">
      <Filter>Source Files\externaljob</Filter>
    </ClCompile>
    <ClCompile Include="..\..\..\src\src\taskmanager\externaljob\PluginSubGeneJob.cpp">
      <Filter>Source Files\externaljob</Filter>
    </ClCompile>
    <ClCompile Include="..\..\..\src\src\taskmanager\externaljob\PluginSubJob.cpp">
      <Filter>Source Files\externaljob</Filter>
    </ClCompile>
    <ClCompile Include="..\..\..\src\src\taskmanager\externaljob\PluginSubPostJob.cpp">
      <Filter>Source Files\externaljob</Filter>
    </ClCompile>
    <ClCompile Include="..\..\..\src\src\taskmanager\externaljob\PluginSubPrepJob.cpp">
      <Filter>Source Files\externaljob</Filter>
    </ClCompile>
    <ClCompile Include="..\..\..\src\src\taskmanager\externaljob\ReportJobDetailFactory.cpp">
      <Filter>Source Files\externaljob</Filter>
    </ClCompile>
    <ClCompile Include="..\..\..\src\src\taskmanager\TaskContext.cpp">
      <Filter>Source Files</Filter>
    </ClCompile>
    <ClCompile Include="..\..\..\src\src\taskmanager\TaskManager.cpp">
      <Filter>Source Files</Filter>
    </ClCompile>
    <ClCompile Include="..\..\..\src\src\taskmanager\externaljob\PluginLogBackup.cpp">
      <Filter>Source Files\externaljob</Filter>
    </ClCompile>
    <ClCompile Include="..\..\..\src\src\taskmanager\filter\DefaultRemoteHostFilter.cpp">
      <Filter>Source Files\filter</Filter>
    </ClCompile>
    <ClCompile Include="..\..\..\src\src\taskmanager\filter\RemoteHostFilterFactory.cpp">
      <Filter>Source Files\filter</Filter>
    </ClCompile>
  </ItemGroup>
  <ItemGroup>
    <ClInclude Include="..\..\..\src\inc\taskmanager\Task.h">
      <Filter>Header Files</Filter>
    </ClInclude>
    <ClInclude Include="..\..\..\src\inc\taskmanager\TaskStep.h">
      <Filter>Header Files</Filter>
    </ClInclude>
    <ClInclude Include="..\..\..\src\inc\taskmanager\TaskStepLinkTarget.h">
      <Filter>Header Files</Filter>
    </ClInclude>
    <ClInclude Include="..\..\..\src\inc\taskmanager\TaskStepPrepareNasMedia.h">
      <Filter>Header Files</Filter>
    </ClInclude>
    <ClInclude Include="..\..\..\src\inc\taskmanager\TaskStepPreSufScript.h">
      <Filter>Header Files</Filter>
    </ClInclude>
    <ClInclude Include="..\..\..\src\inc\taskmanager\TaskStepScanDisk.h">
      <Filter>Header Files</Filter>
    </ClInclude>
    <ClInclude Include="..\..\..\src\inc\taskmanager\TaskStepScript.h">
      <Filter>Header Files</Filter>
    </ClInclude>
    <ClInclude Include="..\..\..\src\inc\taskmanager\externaljob\AppProtectJobHandler.h">
      <Filter>Header Files\externaljob</Filter>
    </ClInclude>
    <ClInclude Include="..\..\..\src\inc\taskmanager\externaljob\BaseJob.h">
      <Filter>Header Files\externaljob</Filter>
    </ClInclude>
    <ClInclude Include="..\..\..\src\inc\taskmanager\externaljob\ClearMountPointsJob.h">
      <Filter>Header Files\externaljob</Filter>
    </ClInclude>
    <ClInclude Include="..\..\..\src\inc\taskmanager\externaljob\ExecutorBuilder.h">
      <Filter>Header Files\externaljob</Filter>
    </ClInclude>
    <ClInclude Include="..\..\..\src\inc\taskmanager\externaljob\Job.h">
      <Filter>Header Files\externaljob</Filter>
    </ClInclude>
    <ClInclude Include="..\..\..\src\inc\taskmanager\externaljob\JobPool.h">
      <Filter>Header Files\externaljob</Filter>
    </ClInclude>
    <ClInclude Include="..\..\..\src\inc\taskmanager\externaljob\JobStateAction.h">
      <Filter>Header Files\externaljob</Filter>
    </ClInclude>
    <ClInclude Include="..\..\..\src\inc\taskmanager\externaljob\JobStateDB.h">
      <Filter>Header Files\externaljob</Filter>
    </ClInclude>
    <ClInclude Include="..\..\..\src\inc\taskmanager\externaljob\JobTimer.h">
      <Filter>Header Files\externaljob</Filter>
    </ClInclude>
    <ClInclude Include="..\..\..\src\inc\taskmanager\externaljob\PluginAnyTimeRestore.h">
      <Filter>Header Files\externaljob</Filter>
    </ClInclude>
    <ClInclude Include="..\..\..\src\inc\taskmanager\externaljob\PluginJobFactory.h">
      <Filter>Header Files\externaljob</Filter>
    </ClInclude>
    <ClInclude Include="..\..\..\src\inc\taskmanager\externaljob\PluginMainJob.h">
      <Filter>Header Files\externaljob</Filter>
    </ClInclude>
    <ClInclude Include="..\..\..\src\inc\taskmanager\externaljob\PluginSubBusiJob.h">
      <Filter>Header Files\externaljob</Filter>
    </ClInclude>
    <ClInclude Include="..\..\..\src\inc\taskmanager\externaljob\PluginSubGeneJob.h">
      <Filter>Header Files\externaljob</Filter>
    </ClInclude>
    <ClInclude Include="..\..\..\src\inc\taskmanager\externaljob\PluginSubJob.h">
      <Filter>Header Files\externaljob</Filter>
    </ClInclude>
    <ClInclude Include="..\..\..\src\inc\taskmanager\externaljob\PluginSubPostJob.h">
      <Filter>Header Files\externaljob</Filter>
    </ClInclude>
    <ClInclude Include="..\..\..\src\inc\taskmanager\externaljob\PluginSubPrepJob.h">
      <Filter>Header Files\externaljob</Filter>
    </ClInclude>
    <ClInclude Include="..\..\..\src\inc\taskmanager\externaljob\ReportJobDetailFactory.h">
      <Filter>Header Files\externaljob</Filter>
    </ClInclude>
    <ClInclude Include="..\..\..\src\inc\taskmanager\TaskContext.h">
      <Filter>Header Files</Filter>
    </ClInclude>
    <ClInclude Include="..\..\..\src\inc\taskmanager\TaskManager.h">
      <Filter>Header Files</Filter>
    </ClInclude>
    <ClInclude Include="..\..\..\src\inc\taskmanager\externaljob\PluginLogBackup.h">
      <Filter>Header Files\externaljob</Filter>
    </ClInclude>
    <ClInclude Include="..\..\..\src\inc\taskmanager\filter\RemoteHostFilter.h">
      <Filter>Header Files\filter</Filter>
    </ClInclude>
    <ClInclude Include="..\..\..\src\inc\taskmanager\filter\DefaultRemoteHostFilter.h">
      <Filter>Header Files\filter</Filter>
    </ClInclude>
    <ClInclude Include="..\..\..\src\inc\taskmanager\filter\RemoteHostFilterFactory.h">
      <Filter>Header Files\filter</Filter>
    </ClInclude>
  </ItemGroup>
</Project>