
Microsoft Visual Studio Solution File, Format Version 12.00
# Visual Studio 15
VisualStudioVersion = 15.0.28307.1927
MinimumVisualStudioVersion = 10.0.40219.1
Project("{8BC9CEB8-8B4A-11D0-8D11-00A0C91BC942}") = "compiler", "compiler.vcxproj", "{71340439-415F-40E6-AEBF-AD5E8628BACE}"
EndProject
Global
	GlobalSection(SolutionConfigurationPlatforms) = preSolution
		Debug|x64 = Debug|x64
		Debug|x86 = Debug|x86
		Release|x64 = Release|x64
		Release|x86 = Release|x86
	EndGlobalSection
	GlobalSection(ProjectConfigurationPlatforms) = postSolution
		{71340439-415F-40E6-AEBF-AD5E8628BACE}.Debug|x64.ActiveCfg = Debug|x64
		{71340439-415F-40E6-AEBF-AD5E8628BACE}.Debug|x64.Build.0 = Debug|x64
		{71340439-415F-40E6-AEBF-AD5E8628BACE}.Debug|x86.ActiveCfg = Debug|Win32
		{71340439-415F-40E6-AEBF-AD5E8628BACE}.Debug|x86.Build.0 = Debug|Win32
		{71340439-415F-40E6-AEBF-AD5E8628BACE}.Release|x64.ActiveCfg = Release|x64
		{71340439-415F-40E6-AEBF-AD5E8628BACE}.Release|x64.Build.0 = Release|x64
		{71340439-415F-40E6-AEBF-AD5E8628BACE}.Release|x86.ActiveCfg = Release|Win32
		{71340439-415F-40E6-AEBF-AD5E8628BACE}.Release|x86.Build.0 = Release|Win32
	EndGlobalSection
	GlobalSection(SolutionProperties) = preSolution
		HideSolutionNode = FALSE
	EndGlobalSection
	GlobalSection(ExtensibilityGlobals) = postSolution
		SolutionGuid = {4800B239-CA70-4AA2-89D4-33058D66C5FE}
	EndGlobalSection
EndGlobal
