<?xml version="1.0" encoding="utf-8"?>
<Project ToolsVersion="4.0" xmlns="http://schemas.microsoft.com/developer/msbuild/2003">
  <ItemGroup>
    <Filter Include="Source Files">
      <UniqueIdentifier>{4FC737F1-C7A5-4376-A066-2A32D752A2FF}</UniqueIdentifier>
      <Extensions>cpp;c;cc;cxx;def;odl;idl;hpj;bat;asm;asmx</Extensions>
    </Filter>
    <Filter Include="Header Files">
      <UniqueIdentifier>{93995380-89BD-4b04-88EB-625FBE52EBFB}</UniqueIdentifier>
      <Extensions>h;hh;hpp;hxx;hm;inl;inc;xsd</Extensions>
    </Filter>
    <Filter Include="Resource Files">
      <UniqueIdentifier>{67DA6AB6-F800-4c08-8B7A-83BB121AAD01}</UniqueIdentifier>
      <Extensions>rc;ico;cur;bmp;dlg;rc2;rct;bin;rgs;gif;jpg;jpeg;jpe;resx;tiff;tif;png;wav</Extensions>
    </Filter>
  </ItemGroup>
  <ItemGroup>
    <ClCompile Include="..\..\plugins\virtualization\src\common\DirtyRanges.cpp">
      <Filter>Source Files</Filter>
    </ClCompile>
    <ClCompile Include="..\..\plugins\virtualization\src\common\JobHandle.cpp">
      <Filter>Source Files</Filter>
    </ClCompile>
    <ClCompile Include="..\..\plugins\virtualization\src\common\sha256\Sha256.cpp">
      <Filter>Source Files</Filter>
    </ClCompile>
    <ClCompile Include="..\..\plugins\virtualization\src\common\utils\Utils.cpp">
      <Filter>Source Files</Filter>
    </ClCompile>
    <ClCompile Include="..\..\plugins\virtualization\src\common\uuid\Uuid.cpp">
      <Filter>Source Files</Filter>
    </ClCompile>
    <ClCompile Include="..\..\plugins\virtualization\src\repository_handlers\factory\RepositoryFactory.cpp">
      <Filter>Source Files</Filter>
    </ClCompile>
    <ClCompile Include="..\..\plugins\virtualization\src\protect_engines\hyperv\HyperVProtectEngine.cpp">
      <Filter>Source Files</Filter>
    </ClCompile>
    <ClCompile Include="..\..\plugins\virtualization\src\protect_engines\hyperv\utils\executor\WinCmdExector.cpp">
      <Filter>Source Files</Filter>
    </ClCompile>
    <ClCompile Include="..\..\plugins\virtualization\src\protect_engines\hyperv\resource_discovery\HyperVResourceAccess.cpp">
      <Filter>Source Files</Filter>
    </ClCompile>
    <ClCompile Include="..\..\plugins\virtualization\src\repository_handlers\win32filesystem\Win32FileSystemHandler.cpp">
      <Filter>Source Files</Filter>
    </ClCompile>
    <ClCompile Include="..\..\plugins\virtualization\src\volume_handlers\hyperv_volume\HyperVVolumeHandler.cpp">
      <Filter>Source Files</Filter>
    </ClCompile>
    <ClCompile Include="..\..\plugins\virtualization\src\common\utils\Win32Utils.cpp">
      <Filter>Source Files</Filter>
    </ClCompile>
    <ClCompile Include="..\..\plugins\virtualization\src\protect_engines\hyperv\api\wmi_client\WMIClient.cpp">
      <Filter>Source Files</Filter>
    </ClCompile>
    <ClCompile Include="..\..\plugins\virtualization\src\protect_engines\hyperv\api\powershell\PSClient.cpp">
      <Filter>Source Files</Filter>
    </ClCompile>
    <ClCompile Include="..\..\plugins\virtualization\src\repository_handlers\win32filesystem\Win32FileSystemHandler.cpp">
      <Filter>Source Files</Filter>
    </ClCompile>
    <ClCompile Include="..\..\plugins\virtualization\src\volume_handlers\hyperv_volume\HyperVVolumeHandler.cpp">
      <Filter>Source Files</Filter>
    </ClCompile>
    <ClCompile Include="..\..\plugins\virtualization\src\common\utils\Win32Utils.cpp">
      <Filter>Source Files</Filter>
    </ClCompile>
    <ClCompile Include="..\..\plugins\virtualization\src\repository_handlers\vhd_handler\VhdHandler.cpp">
      <Filter>Source Files</Filter>
    </ClCompile>
  </ItemGroup>
  <ItemGroup>
    <ClInclude Include="..\..\plugins\virtualization\src\PluginMain.h">
      <Filter>Header Files</Filter>
    </ClInclude>
    <ClInclude Include="..\..\plugins\virtualization\src\common\Constants.h">
      <Filter>Header Files</Filter>
    </ClInclude>
    <ClInclude Include="..\..\plugins\virtualization\src\common\DirtyRanges.h">
      <Filter>Header Files</Filter>
    </ClInclude>
    <ClInclude Include="..\..\plugins\virtualization\src\common\Macros.h">
      <Filter>Header Files</Filter>
    </ClInclude>
    <ClInclude Include="..\..\plugins\virtualization\src\common\Queue.h">
      <Filter>Header Files</Filter>
    </ClInclude>
    <ClInclude Include="..\..\plugins\virtualization\src\common\Semaphore.h">
      <Filter>Header Files</Filter>
    </ClInclude>
    <ClInclude Include="..\..\plugins\virtualization\src\common\Structs.h">
      <Filter>Header Files</Filter>
    </ClInclude>
    <ClInclude Include="..\..\plugins\virtualization\src\common\cert_mgr\CertMgr.h">
      <Filter>Header Files</Filter>
    </ClInclude>
    <ClInclude Include="..\..\plugins\virtualization\src\common\checkpoint\Checkpoint.h">
      <Filter>Header Files</Filter>
    </ClInclude>
    <ClInclude Include="..\..\plugins\virtualization\src\common\client\RestClient.h">
      <Filter>Header Files</Filter>
    </ClInclude>
    <ClInclude Include="..\..\plugins\virtualization\src\common\httpclient\HttpClient.h">
      <Filter>Header Files</Filter>
    </ClInclude>
    <ClInclude Include="..\..\plugins\virtualization\src\common\model\ModelBase.h">
      <Filter>Header Files</Filter>
    </ClInclude>
    <ClInclude Include="..\..\plugins\virtualization\src\common\model\ResponseModel.h">
      <Filter>Header Files</Filter>
    </ClInclude>
    <ClInclude Include="..\..\plugins\virtualization\src\common\sha256\Sha256.h">
      <Filter>Header Files</Filter>
    </ClInclude>
    <ClInclude Include="..\..\plugins\virtualization\src\common\token_mgr\BaseTokenMgr.h">
      <Filter>Header Files</Filter>
    </ClInclude>
    <ClInclude Include="..\..\plugins\virtualization\src\common\token_mgr\GetTokenResponse.h">
      <Filter>Header Files</Filter>
    </ClInclude>
    <ClInclude Include="..\..\plugins\virtualization\src\common\token_mgr\TokenDetail.h">
      <Filter>Header Files</Filter>
    </ClInclude>
    <ClInclude Include="..\..\plugins\virtualization\src\common\utils\RetryOper.h">
      <Filter>Header Files</Filter>
    </ClInclude>
    <ClInclude Include="..\..\plugins\virtualization\src\common\utils\Utils.h">
      <Filter>Header Files</Filter>
    </ClInclude>
    <ClInclude Include="..\..\plugins\virtualization\src\common\uuid\Uuid.h">
      <Filter>Header Files</Filter>
    </ClInclude>
    <ClInclude Include="..\..\plugins\virtualization\src\job_controller\factory\VirtualizationJobFactory.h">
      <Filter>Header Files</Filter>
    </ClInclude>
    <ClInclude Include="..\..\plugins\virtualization\src\job_controller\io_scheduler\BlockTask.h">
      <Filter>Header Files</Filter>
    </ClInclude>
    <ClInclude Include="..\..\plugins\virtualization\src\job_controller\io_scheduler\TaskPool.h">
      <Filter>Header Files</Filter>
    </ClInclude>
    <ClInclude Include="..\..\plugins\virtualization\src\job_controller\io_scheduler\TaskScheduler.h">
      <Filter>Header Files</Filter>
    </ClInclude>
    <ClInclude Include="..\..\plugins\virtualization\src\job_controller\jobs\VirtualizationBasicJob.h">
      <Filter>Header Files</Filter>
    </ClInclude>
    <ClInclude Include="..\..\plugins\virtualization\src\job_controller\jobs\backup\BackupIoTask.h">
      <Filter>Header Files</Filter>
    </ClInclude>
    <ClInclude Include="..\..\plugins\virtualization\src\job_controller\jobs\backup\BackupJob.h">
      <Filter>Header Files</Filter>
    </ClInclude>
    <ClInclude Include="..\..\plugins\virtualization\src\job_controller\jobs\restore\ArchiveRestoreJob.h">
      <Filter>Header Files</Filter>
    </ClInclude>
    <ClInclude Include="..\..\plugins\virtualization\src\job_controller\jobs\restore\RestoreIOTask.h">
      <Filter>Header Files</Filter>
    </ClInclude>
    <ClInclude Include="..\..\plugins\virtualization\src\job_controller\jobs\restore\RestoreJob.h">
      <Filter>Header Files</Filter>
    </ClInclude>
    <ClInclude Include="..\..\plugins\virtualization\src\job_controller\jobs\verify\BlockCheckTask.h">
      <Filter>Header Files</Filter>
    </ClInclude>
    <ClInclude Include="..\..\plugins\virtualization\src\job_controller\jobs\verify\VerifyJob.h">
      <Filter>Header Files</Filter>
    </ClInclude>
    <ClInclude Include="..\..\plugins\virtualization\src\job_controller\manager\JobManager.h">
      <Filter>Header Files</Filter>
    </ClInclude>
    <ClInclude Include="..\..\plugins\virtualization\src\protect_engines\ProtectEngine.h">
      <Filter>Header Files</Filter>
    </ClInclude>
    <ClInclude Include="..\..\plugins\virtualization\src\repository_handlers\RepositoryHandler.h">
      <Filter>Header Files</Filter>
    </ClInclude>
    <ClInclude Include="..\..\plugins\virtualization\src\repository_handlers\factory\RepositoryFactory.h">
      <Filter>Header Files</Filter>
    </ClInclude>
    <ClInclude Include="..\..\plugins\virtualization\src\volume_handlers\VolumeHandler.h">
      <Filter>Header Files</Filter>
    </ClInclude>
    <ClInclude Include="..\..\plugins\virtualization\src\repository_handlers\filesystem\FileSystemHandler.h">
      <Filter>Header Files</Filter>
    </ClInclude>
    <ClInclude Include="..\..\plugins\virtualization\src\protect_engines\engine_factory\EngineFactory.h">
      <Filter>Header Files</Filter>
    </ClInclude>
    <ClInclude Include="..\..\plugins\virtualization\src\protect_engines\hcs\HCSProtectEngine.h">
      <Filter>Header Files</Filter>
    </ClInclude>
    <ClInclude Include="..\..\plugins\virtualization\src\protect_engines\hcs\utils\StorageMgr.h">
      <Filter>Header Files</Filter>
    </ClInclude>
    <ClInclude Include="..\..\plugins\virtualization\src\protect_engines\hcs\utils\HCSTokenMgr.h">
      <Filter>Header Files</Filter>
    </ClInclude>
    <ClInclude Include="..\..\plugins\virtualization\src\protect_engines\hcs\resource_discovery\HcsResourceAccess.h">
      <Filter>Header Files</Filter>
    </ClInclude>
    <ClInclude Include="..\..\plugins\virtualization\src\protect_engines\hcs\resource_discovery\HcsMessageInfo.h">
      <Filter>Header Files</Filter>
    </ClInclude>
    <ClInclude Include="..\..\plugins\virtualization\src\protect_engines\hcs\common\HcsCommonInfo.h">
      <Filter>Header Files</Filter>
    </ClInclude>
    <ClInclude Include="..\..\plugins\virtualization\src\protect_engines\hcs\common\HcsConstants.h">
      <Filter>Header Files</Filter>
    </ClInclude>
    <ClInclude Include="..\..\plugins\virtualization\src\protect_engines\hcs\common\HcsHttpStatus.h">
      <Filter>Header Files</Filter>
    </ClInclude>
    <ClInclude Include="..\..\plugins\virtualization\src\protect_engines\hcs\common\HcsMacros.h">
      <Filter>Header Files</Filter>
    </ClInclude>
    <ClInclude Include="..\..\plugins\virtualization\src\protect_engines\kubernetes\KubernetesProtectEngine.h">
      <Filter>Header Files</Filter>
    </ClInclude>
    <ClInclude Include="..\..\plugins\virtualization\src\protect_engines\openstack\OpenStackProtectEngine.h">
      <Filter>Header Files</Filter>
    </ClInclude>
    <ClInclude Include="..\..\plugins\virtualization\src\protect_engines\hyperv\resource_discovery\HyperVResourceAccess.h">
      <Filter>Header Files</Filter>
    </ClInclude>
    <ClInclude Include="..\..\plugins\virtualization\src\protect_engines\hyperv\HyperVProtectEngine.h">
      <Filter>Header Files</Filter>
    </ClInclude>
    <ClInclude Include="..\..\plugins\virtualization\src\protect_engines\hyperv\utils\executor\WinCmdExector.h">
      <Filter>Header Files</Filter>
    </ClInclude>
    <ClInclude Include="..\..\plugins\virtualization\src\volume_handlers\hyperv_volume\HyperVVolumeHandler.h">
      <Filter>Header Files</Filter>
    </ClInclude>
    <ClInclude Include="..\..\plugins\virtualization\src\repository_handlers\win32filesystem\Win32FileSystemHandler.h">
      <Filter>Header Files</Filter>
    </ClInclude>
    <ClInclude Include="..\..\plugins\virtualization\src\common\utils\Win32Utils.h">
      <Filter>Header Files</Filter>
    </ClInclude>
    <ClInclude Include="..\..\plugins\virtualization\src\protect_engines\hyperv\api\powershell\PSClient.h">
      <Filter>Header Files</Filter>
    </ClInclude>
    <ClInclude Include="..\..\plugins\virtualization\src\protect_engines\hyperv\api\wmi_client\WMIClient.h">
      <Filter>Header Files</Filter>
    </ClInclude>
    <ClInclude Include="..\..\plugins\virtualization\src\protect_engines\hyperv\api\powershell\model\GetVMVolumesModel.h">
      <Filter>Header Files</Filter>
    </ClInclude>
    <ClInclude Include="..\..\plugins\virtualization\src\protect_engines\hyperv\api\powershell\model\CreateSnapshotModel.h">
      <Filter>Header Files</Filter>
    </ClInclude>
    <ClInclude Include="..\..\plugins\virtualization\src\protect_engines\hyperv\api\powershell\model\GetVmInfoModel.h">
      <Filter>Header Files</Filter>
    </ClInclude>
    <ClInclude Include="..\..\plugins\virtualization\src\volume_handlers\hyperv_volume\HyperVVolumeHandler.h">
      <Filter>Header Files</Filter>
    </ClInclude>
    <ClInclude Include="..\..\plugins\virtualization\src\repository_handlers\win32filesystem\Win32FileSystemHandler.h">
      <Filter>Header Files</Filter>
    </ClInclude>
    <ClInclude Include="..\..\plugins\virtualization\src\common\utils\Win32Utils.h">
      <Filter>Header Files</Filter>
    </ClInclude>
    <ClInclude Include="..\..\plugins\virtualization\src\protect_engines\hyperv\api\powershell\model\GetVmHardDiskDriveModel.h">
      <Filter>Header Files</Filter>
    </ClInclude>
    <ClInclude Include="..\..\plugins\virtualization\src\repository_handlers\vhd_handler\VhdHandler.h">
      <Filter>Header Files</Filter>
    </ClInclude>
    <ClInclude Include="..\..\plugins\virtualization\src\protect_engines\hyperv\api\powershell\model\CreateVHDModel.h">
      <Filter>Header Files</Filter>
    </ClInclude>
  </ItemGroup>
</Project>