<?xml version="1.0" encoding="utf-8"?>
<Project ToolsVersion="15.0" xmlns="http://schemas.microsoft.com/developer/msbuild/2003">
  <ItemGroup>
    <ClCompile Include="..\..\..\..\..\plugins\database\src\applications\cluster\ClusterOperation.cpp">
      <Filter>Source Files</Filter>
    </ClCompile>
  </ItemGroup>
  <ItemGroup>
    <Filter Include="Source Files">
      <UniqueIdentifier>{766F426C-615F-34AC-B5D5-D8909E8FAAD6}</UniqueIdentifier>
    </Filter>
  </ItemGroup>
</Project>