
Microsoft Visual Studio Solution File, Format Version 12.00
# Visual Studio 15
VisualStudioVersion = 15.0.26403.7
MinimumVisualStudioVersion = 10.0.40219.1
Project("{8BC9CEB8-8B4A-11D0-8D11-00A0C91BC942}") = "securec", "securec\securec.vcxproj", "{57E46F2A-E878-482C-A235-C458E225E63D}"
EndProject
Project("{8BC9CEB8-8B4A-11D0-8D11-00A0C91BC942}") = "common", "common\common.vcxproj", "{F7059DE6-6006-4948-9909-C5A8EE14EF62}"
	ProjectSection(ProjectDependencies) = postProject
		{57E46F2A-E878-482C-A235-C458E225E63D} = {57E46F2A-E878-482C-A235-C458E225E63D}
		{60899493-AC08-469D-8E2F-2A45A78F7E42} = {60899493-AC08-469D-8E2F-2A45A78F7E42}
		{12F98CB9-F537-407D-9574-6AADFB1CDD59} = {12F98CB9-F537-407D-9574-6AADFB1CDD59}
		{01B32BCC-BEEF-4A1B-9CAF-E936CAC46EDB} = {01B32BCC-BEEF-4A1B-9CAF-E936CAC46EDB}
		{76C5A0E7-B6D1-4987-AAE2-36862C607DA4} = {76C5A0E7-B6D1-4987-AAE2-36862C607DA4}
	EndProjectSection
EndProject
Project("{8BC9CEB8-8B4A-11D0-8D11-00A0C91BC942}") = "dpagent", "dpagent\dpagent.vcxproj", "{BC42F85C-317A-4F01-8AE7-2C77556663E9}"
	ProjectSection(ProjectDependencies) = postProject
		{1205D711-2905-4EF0-8518-35D927CBEBB4} = {1205D711-2905-4EF0-8518-35D927CBEBB4}
		{57E46F2A-E878-482C-A235-C458E225E63D} = {57E46F2A-E878-482C-A235-C458E225E63D}
		{E8840562-2E65-4758-9CC0-80F7E03FDB2B} = {E8840562-2E65-4758-9CC0-80F7E03FDB2B}
		{12F98CB9-F537-407D-9574-6AADFB1CDD59} = {12F98CB9-F537-407D-9574-6AADFB1CDD59}
		{18D876BB-F632-42BA-B430-CD3CA3E3BF85} = {18D876BB-F632-42BA-B430-CD3CA3E3BF85}
		{01B32BCC-BEEF-4A1B-9CAF-E936CAC46EDB} = {01B32BCC-BEEF-4A1B-9CAF-E936CAC46EDB}
		{0E1014D2-0E8E-4C5C-B914-00D946E8103D} = {0E1014D2-0E8E-4C5C-B914-00D946E8103D}
		{F7059DE6-6006-4948-9909-C5A8EE14EF62} = {F7059DE6-6006-4948-9909-C5A8EE14EF62}
		{B8609CEB-46DA-4C01-890D-88F2E73030B3} = {B8609CEB-46DA-4C01-890D-88F2E73030B3}
	EndProjectSection
EndProject
Project("{8BC9CEB8-8B4A-11D0-8D11-00A0C91BC942}") = "pluginfx", "pluginfx\pluginfx.vcxproj", "{1205D711-2905-4EF0-8518-35D927CBEBB4}"
EndProject
Project("{2150E333-8FDC-42A3-9474-1A3956D46DE8}") = "plugins", "plugins", "{35D8B052-EA34-450E-A800-87A0EFDE52BE}"
EndProject
Project("{2150E333-8FDC-42A3-9474-1A3956D46DE8}") = "apps", "apps", "{04F80BDA-BA94-457F-9D31-BDDDDD61F55B}"
EndProject
Project("{8BC9CEB8-8B4A-11D0-8D11-00A0C91BC942}") = "host", "plugins\host\host.vcxproj", "{4FBDAD69-6D53-4CEC-85E2-024892F120CB}"
	ProjectSection(ProjectDependencies) = postProject
		{57E46F2A-E878-482C-A235-C458E225E63D} = {57E46F2A-E878-482C-A235-C458E225E63D}
		{E6F65C2B-4931-4B03-9999-6BBA51CB3AA4} = {E6F65C2B-4931-4B03-9999-6BBA51CB3AA4}
		{3D237D2C-264A-488A-83B5-A9E8B5F4EBD2} = {3D237D2C-264A-488A-83B5-A9E8B5F4EBD2}
		{E8840562-2E65-4758-9CC0-80F7E03FDB2B} = {E8840562-2E65-4758-9CC0-80F7E03FDB2B}
		{98903AB0-373A-442E-95C7-B030D753C8D1} = {98903AB0-373A-442E-95C7-B030D753C8D1}
		{12F98CB9-F537-407D-9574-6AADFB1CDD59} = {12F98CB9-F537-407D-9574-6AADFB1CDD59}
		{01B32BCC-BEEF-4A1B-9CAF-E936CAC46EDB} = {01B32BCC-BEEF-4A1B-9CAF-E936CAC46EDB}
		{0E1014D2-0E8E-4C5C-B914-00D946E8103D} = {0E1014D2-0E8E-4C5C-B914-00D946E8103D}
		{6E1144E2-32C4-414B-B368-E0C0AAA2029D} = {6E1144E2-32C4-414B-B368-E0C0AAA2029D}
		{F7059DE6-6006-4948-9909-C5A8EE14EF62} = {F7059DE6-6006-4948-9909-C5A8EE14EF62}
		{76C5A0E7-B6D1-4987-AAE2-36862C607DA4} = {76C5A0E7-B6D1-4987-AAE2-36862C607DA4}
		{B8609CEB-46DA-4C01-890D-88F2E73030B3} = {B8609CEB-46DA-4C01-890D-88F2E73030B3}
	EndProjectSection
EndProject
Project("{8BC9CEB8-8B4A-11D0-8D11-00A0C91BC942}") = "host", "apps\host\host.vcxproj", "{3D237D2C-264A-488A-83B5-A9E8B5F4EBD2}"
EndProject
Project("{2150E333-8FDC-42A3-9474-1A3956D46DE8}") = "tools", "tools", "{ACB5E8C7-80A3-47B7-AF7C-CA4412C09B6C}"
EndProject
Project("{2150E333-8FDC-42A3-9474-1A3956D46DE8}") = "thirdpart", "thirdpart", "{16123044-363C-4DCB-BEFD-D7447A62C599}"
EndProject
Project("{8BC9CEB8-8B4A-11D0-8D11-00A0C91BC942}") = "jsoncpp", "thirdpart\jsoncpp\jsoncpp.vcxproj", "{12F98CB9-F537-407D-9574-6AADFB1CDD59}"
EndProject
Project("{8BC9CEB8-8B4A-11D0-8D11-00A0C91BC942}") = "snmp", "thirdpart\snmp\snmp.vcxproj", "{18D876BB-F632-42BA-B430-CD3CA3E3BF85}"
EndProject
Project("{8BC9CEB8-8B4A-11D0-8D11-00A0C91BC942}") = "tinyxml", "thirdpart\tinyxml\tinyxml.vcxproj", "{01B32BCC-BEEF-4A1B-9CAF-E936CAC46EDB}"
EndProject
Project("{8BC9CEB8-8B4A-11D0-8D11-00A0C91BC942}") = "array", "array\array.vcxproj", "{63B51AA3-A99F-4352-998A-53DD6E835CC7}"
EndProject
Project("{8BC9CEB8-8B4A-11D0-8D11-00A0C91BC942}") = "alarm", "alarm\alarm.vcxproj", "{E6F65C2B-4931-4B03-9999-6BBA51CB3AA4}"
EndProject
Project("{8BC9CEB8-8B4A-11D0-8D11-00A0C91BC942}") = "sqlite", "thirdpart\sqlite\sqlite.vcxproj", "{76C5A0E7-B6D1-4987-AAE2-36862C607DA4}"
EndProject
Project("{8BC9CEB8-8B4A-11D0-8D11-00A0C91BC942}") = "fcgi", "thirdpart\fcgi\fcgi.vcxproj", "{0E1014D2-0E8E-4C5C-B914-00D946E8103D}"
EndProject
Project("{2150E333-8FDC-42A3-9474-1A3956D46DE8}") = "vss", "vss", "{8750BBCE-FCA3-4C70-AB81-D4839B7A5D2C}"
EndProject
Project("{8BC9CEB8-8B4A-11D0-8D11-00A0C91BC942}") = "crypto", "tools\crypto\crypto.vcxproj", "{82A8A0AB-E3B0-4E15-AD57-251123913399}"
	ProjectSection(ProjectDependencies) = postProject
		{E8840562-2E65-4758-9CC0-80F7E03FDB2B} = {E8840562-2E65-4758-9CC0-80F7E03FDB2B}
		{F7059DE6-6006-4948-9909-C5A8EE14EF62} = {F7059DE6-6006-4948-9909-C5A8EE14EF62}
	EndProjectSection
EndProject
Project("{8BC9CEB8-8B4A-11D0-8D11-00A0C91BC942}") = "monitor", "tools\monitor\monitor.vcxproj", "{DFC31AEA-CDFB-4F18-80D8-86B3282F5C9E}"
	ProjectSection(ProjectDependencies) = postProject
		{E6F65C2B-4931-4B03-9999-6BBA51CB3AA4} = {E6F65C2B-4931-4B03-9999-6BBA51CB3AA4}
		{E8840562-2E65-4758-9CC0-80F7E03FDB2B} = {E8840562-2E65-4758-9CC0-80F7E03FDB2B}
		{18D876BB-F632-42BA-B430-CD3CA3E3BF85} = {18D876BB-F632-42BA-B430-CD3CA3E3BF85}
		{01B32BCC-BEEF-4A1B-9CAF-E936CAC46EDB} = {01B32BCC-BEEF-4A1B-9CAF-E936CAC46EDB}
		{F7059DE6-6006-4948-9909-C5A8EE14EF62} = {F7059DE6-6006-4948-9909-C5A8EE14EF62}
		{76C5A0E7-B6D1-4987-AAE2-36862C607DA4} = {76C5A0E7-B6D1-4987-AAE2-36862C607DA4}
	EndProjectSection
EndProject
Project("{8BC9CEB8-8B4A-11D0-8D11-00A0C91BC942}") = "winservice", "tools\winservice\winservice.vcxproj", "{2982C88B-B59A-440A-964E-36C9D165F417}"
	ProjectSection(ProjectDependencies) = postProject
		{E8840562-2E65-4758-9CC0-80F7E03FDB2B} = {E8840562-2E65-4758-9CC0-80F7E03FDB2B}
		{F7059DE6-6006-4948-9909-C5A8EE14EF62} = {F7059DE6-6006-4948-9909-C5A8EE14EF62}
	EndProjectSection
EndProject
Project("{8BC9CEB8-8B4A-11D0-8D11-00A0C91BC942}") = "xmlcfg", "tools\xmlcfg\xmlcfg.vcxproj", "{F3FCA53D-9183-4EA7-B8DA-AC60C1627B76}"
	ProjectSection(ProjectDependencies) = postProject
		{E8840562-2E65-4758-9CC0-80F7E03FDB2B} = {E8840562-2E65-4758-9CC0-80F7E03FDB2B}
		{F7059DE6-6006-4948-9909-C5A8EE14EF62} = {F7059DE6-6006-4948-9909-C5A8EE14EF62}
	EndProjectSection
EndProject
Project("{8BC9CEB8-8B4A-11D0-8D11-00A0C91BC942}") = "agentcli", "tools\agentcli\agentcli.vcxproj", "{E2D7ADC9-CB08-465D-9ABE-DF4B3525C2DB}"
	ProjectSection(ProjectDependencies) = postProject
		{57E46F2A-E878-482C-A235-C458E225E63D} = {57E46F2A-E878-482C-A235-C458E225E63D}
		{E6F65C2B-4931-4B03-9999-6BBA51CB3AA4} = {E6F65C2B-4931-4B03-9999-6BBA51CB3AA4}
		{3D237D2C-264A-488A-83B5-A9E8B5F4EBD2} = {3D237D2C-264A-488A-83B5-A9E8B5F4EBD2}
		{E8840562-2E65-4758-9CC0-80F7E03FDB2B} = {E8840562-2E65-4758-9CC0-80F7E03FDB2B}
		{63B51AA3-A99F-4352-998A-53DD6E835CC7} = {63B51AA3-A99F-4352-998A-53DD6E835CC7}
		{01B32BCC-BEEF-4A1B-9CAF-E936CAC46EDB} = {01B32BCC-BEEF-4A1B-9CAF-E936CAC46EDB}
		{F7059DE6-6006-4948-9909-C5A8EE14EF62} = {F7059DE6-6006-4948-9909-C5A8EE14EF62}
		{76C5A0E7-B6D1-4987-AAE2-36862C607DA4} = {76C5A0E7-B6D1-4987-AAE2-36862C607DA4}
	EndProjectSection
EndProject
Project("{8BC9CEB8-8B4A-11D0-8D11-00A0C91BC942}") = "getinput", "tools\getinput\getinput.vcxproj", "{A4298B65-8A11-43D7-B2FD-CFD9AB50936D}"
	ProjectSection(ProjectDependencies) = postProject
		{E8840562-2E65-4758-9CC0-80F7E03FDB2B} = {E8840562-2E65-4758-9CC0-80F7E03FDB2B}
		{F7059DE6-6006-4948-9909-C5A8EE14EF62} = {F7059DE6-6006-4948-9909-C5A8EE14EF62}
	EndProjectSection
EndProject
Project("{8BC9CEB8-8B4A-11D0-8D11-00A0C91BC942}") = "scriptsign", "tools\scriptsign\scriptsign.vcxproj", "{A3B37371-00AE-40E2-9397-633FE36EFBF7}"
	ProjectSection(ProjectDependencies) = postProject
		{E8840562-2E65-4758-9CC0-80F7E03FDB2B} = {E8840562-2E65-4758-9CC0-80F7E03FDB2B}
		{F7059DE6-6006-4948-9909-C5A8EE14EF62} = {F7059DE6-6006-4948-9909-C5A8EE14EF62}
	EndProjectSection
EndProject
Project("{8BC9CEB8-8B4A-11D0-8D11-00A0C91BC942}") = "sdp", "sdp\sdp.vcxproj", "{60899493-AC08-469D-8E2F-2A45A78F7E42}"
	ProjectSection(ProjectDependencies) = postProject
		{57E46F2A-E878-482C-A235-C458E225E63D} = {57E46F2A-E878-482C-A235-C458E225E63D}
	EndProjectSection
EndProject
Project("{8BC9CEB8-8B4A-11D0-8D11-00A0C91BC942}") = "datamigration", "tools\datamigration\datamigration.vcxproj", "{690D4F40-56C2-4A55-8E67-6443DCBD70BD}"
	ProjectSection(ProjectDependencies) = postProject
		{E6F65C2B-4931-4B03-9999-6BBA51CB3AA4} = {E6F65C2B-4931-4B03-9999-6BBA51CB3AA4}
		{E8840562-2E65-4758-9CC0-80F7E03FDB2B} = {E8840562-2E65-4758-9CC0-80F7E03FDB2B}
		{18D876BB-F632-42BA-B430-CD3CA3E3BF85} = {18D876BB-F632-42BA-B430-CD3CA3E3BF85}
		{F7059DE6-6006-4948-9909-C5A8EE14EF62} = {F7059DE6-6006-4948-9909-C5A8EE14EF62}
	EndProjectSection
EndProject
Project("{8BC9CEB8-8B4A-11D0-8D11-00A0C91BC942}") = "taskmanager", "taskmanager\taskmanager.vcxproj", "{98903AB0-373A-442E-95C7-B030D753C8D1}"
EndProject
Project("{8BC9CEB8-8B4A-11D0-8D11-00A0C91BC942}") = "libthriftnb", "thirdpart\libthriftnb\libthriftnb.vcxproj", "{F05ED433-75FD-4301-A9D2-9D25D7416629}"
EndProject
Project("{8BC9CEB8-8B4A-11D0-8D11-00A0C91BC942}") = "libthrift", "thirdpart\libthrift\libthrift.vcxproj", "{3D6872D4-39E0-44AF-883F-DBD85C69A0EE}"
EndProject
Project("{8BC9CEB8-8B4A-11D0-8D11-00A0C91BC942}") = "securecom", "securecom\securecom.vcxproj", "{E8840562-2E65-4758-9CC0-80F7E03FDB2B}"
	ProjectSection(ProjectDependencies) = postProject
		{F7059DE6-6006-4948-9909-C5A8EE14EF62} = {F7059DE6-6006-4948-9909-C5A8EE14EF62}
		{B8609CEB-46DA-4C01-890D-88F2E73030B3} = {B8609CEB-46DA-4C01-890D-88F2E73030B3}
	EndProjectSection
EndProject
Project("{8BC9CEB8-8B4A-11D0-8D11-00A0C91BC942}") = "appprotect", "apps\appprotect\appprotect.vcxproj", "{A63424F3-2800-4702-95A4-A62D7FD34549}"
EndProject
Project("{8BC9CEB8-8B4A-11D0-8D11-00A0C91BC942}") = "appprotect", "plugins\appprotect\appprotect.vcxproj", "{1B38DC8F-9025-4741-802F-B2C2F84FBD0F}"
	ProjectSection(ProjectDependencies) = postProject
		{E6F65C2B-4931-4B03-9999-6BBA51CB3AA4} = {E6F65C2B-4931-4B03-9999-6BBA51CB3AA4}
		{3D237D2C-264A-488A-83B5-A9E8B5F4EBD2} = {3D237D2C-264A-488A-83B5-A9E8B5F4EBD2}
		{F05ED433-75FD-4301-A9D2-9D25D7416629} = {F05ED433-75FD-4301-A9D2-9D25D7416629}
		{E8840562-2E65-4758-9CC0-80F7E03FDB2B} = {E8840562-2E65-4758-9CC0-80F7E03FDB2B}
		{63B51AA3-A99F-4352-998A-53DD6E835CC7} = {63B51AA3-A99F-4352-998A-53DD6E835CC7}
		{98903AB0-373A-442E-95C7-B030D753C8D1} = {98903AB0-373A-442E-95C7-B030D753C8D1}
		{12F98CB9-F537-407D-9574-6AADFB1CDD59} = {12F98CB9-F537-407D-9574-6AADFB1CDD59}
		{18D876BB-F632-42BA-B430-CD3CA3E3BF85} = {18D876BB-F632-42BA-B430-CD3CA3E3BF85}
		{3D6872D4-39E0-44AF-883F-DBD85C69A0EE} = {3D6872D4-39E0-44AF-883F-DBD85C69A0EE}
		{6E1144E2-32C4-414B-B368-E0C0AAA2029D} = {6E1144E2-32C4-414B-B368-E0C0AAA2029D}
		{F7059DE6-6006-4948-9909-C5A8EE14EF62} = {F7059DE6-6006-4948-9909-C5A8EE14EF62}
		{B8609CEB-46DA-4C01-890D-88F2E73030B3} = {B8609CEB-46DA-4C01-890D-88F2E73030B3}
		{A63424F3-2800-4702-95A4-A62D7FD34549} = {A63424F3-2800-4702-95A4-A62D7FD34549}
	EndProjectSection
EndProject
Project("{8BC9CEB8-8B4A-11D0-8D11-00A0C91BC942}") = "message", "message\message.vcxproj", "{B8609CEB-46DA-4C01-890D-88F2E73030B3}"
EndProject
Project("{8BC9CEB8-8B4A-11D0-8D11-00A0C91BC942}") = "servicecenter", "servicecenter\servicecenter.vcxproj", "{6E1144E2-32C4-414B-B368-E0C0AAA2029D}"
EndProject
Project("{8BC9CEB8-8B4A-11D0-8D11-00A0C91BC942}") = "agentsdk", "tools\agentsdk\agentsdk.vcxproj", "{CBBD78DF-813F-4B20-94E0-9E4DE410A53E}"
	ProjectSection(ProjectDependencies) = postProject
		{E8840562-2E65-4758-9CC0-80F7E03FDB2B} = {E8840562-2E65-4758-9CC0-80F7E03FDB2B}
	EndProjectSection
EndProject
Global
	GlobalSection(SolutionConfigurationPlatforms) = preSolution
		Debug|Win32 = Debug|Win32
		Debug|x64 = Debug|x64
		LIB Debug|Win32 = LIB Debug|Win32
		LIB Debug|x64 = LIB Debug|x64
		LIB Release|Win32 = LIB Release|Win32
		LIB Release|x64 = LIB Release|x64
		Release|Win32 = Release|Win32
		Release|x64 = Release|x64
	EndGlobalSection
	GlobalSection(ProjectConfigurationPlatforms) = postSolution
		{57E46F2A-E878-482C-A235-C458E225E63D}.Debug|Win32.ActiveCfg = Debug|Win32
		{57E46F2A-E878-482C-A235-C458E225E63D}.Debug|Win32.Build.0 = Debug|Win32
		{57E46F2A-E878-482C-A235-C458E225E63D}.Debug|x64.ActiveCfg = Debug|x64
		{57E46F2A-E878-482C-A235-C458E225E63D}.Debug|x64.Build.0 = Debug|x64
		{57E46F2A-E878-482C-A235-C458E225E63D}.LIB Debug|Win32.ActiveCfg = Debug|Win32
		{57E46F2A-E878-482C-A235-C458E225E63D}.LIB Debug|Win32.Build.0 = Debug|Win32
		{57E46F2A-E878-482C-A235-C458E225E63D}.LIB Debug|x64.ActiveCfg = Debug|x64
		{57E46F2A-E878-482C-A235-C458E225E63D}.LIB Debug|x64.Build.0 = Debug|x64
		{57E46F2A-E878-482C-A235-C458E225E63D}.LIB Release|Win32.ActiveCfg = Release|Win32
		{57E46F2A-E878-482C-A235-C458E225E63D}.LIB Release|Win32.Build.0 = Release|Win32
		{57E46F2A-E878-482C-A235-C458E225E63D}.LIB Release|x64.ActiveCfg = Release|x64
		{57E46F2A-E878-482C-A235-C458E225E63D}.LIB Release|x64.Build.0 = Release|x64
		{57E46F2A-E878-482C-A235-C458E225E63D}.Release|Win32.ActiveCfg = Release|Win32
		{57E46F2A-E878-482C-A235-C458E225E63D}.Release|Win32.Build.0 = Release|Win32
		{57E46F2A-E878-482C-A235-C458E225E63D}.Release|x64.ActiveCfg = Release|x64
		{57E46F2A-E878-482C-A235-C458E225E63D}.Release|x64.Build.0 = Release|x64
		{F7059DE6-6006-4948-9909-C5A8EE14EF62}.Debug|Win32.ActiveCfg = Debug|Win32
		{F7059DE6-6006-4948-9909-C5A8EE14EF62}.Debug|Win32.Build.0 = Debug|Win32
		{F7059DE6-6006-4948-9909-C5A8EE14EF62}.Debug|x64.ActiveCfg = Debug|x64
		{F7059DE6-6006-4948-9909-C5A8EE14EF62}.Debug|x64.Build.0 = Debug|x64
		{F7059DE6-6006-4948-9909-C5A8EE14EF62}.LIB Debug|Win32.ActiveCfg = Debug|Win32
		{F7059DE6-6006-4948-9909-C5A8EE14EF62}.LIB Debug|Win32.Build.0 = Debug|Win32
		{F7059DE6-6006-4948-9909-C5A8EE14EF62}.LIB Debug|Win32.Deploy.0 = Debug|Win32
		{F7059DE6-6006-4948-9909-C5A8EE14EF62}.LIB Debug|x64.ActiveCfg = Debug|x64
		{F7059DE6-6006-4948-9909-C5A8EE14EF62}.LIB Debug|x64.Build.0 = Debug|x64
		{F7059DE6-6006-4948-9909-C5A8EE14EF62}.LIB Debug|x64.Deploy.0 = Debug|x64
		{F7059DE6-6006-4948-9909-C5A8EE14EF62}.LIB Release|Win32.ActiveCfg = Release|Win32
		{F7059DE6-6006-4948-9909-C5A8EE14EF62}.LIB Release|Win32.Build.0 = Release|Win32
		{F7059DE6-6006-4948-9909-C5A8EE14EF62}.LIB Release|Win32.Deploy.0 = Release|Win32
		{F7059DE6-6006-4948-9909-C5A8EE14EF62}.LIB Release|x64.ActiveCfg = Release|x64
		{F7059DE6-6006-4948-9909-C5A8EE14EF62}.LIB Release|x64.Build.0 = Release|x64
		{F7059DE6-6006-4948-9909-C5A8EE14EF62}.LIB Release|x64.Deploy.0 = Release|x64
		{F7059DE6-6006-4948-9909-C5A8EE14EF62}.Release|Win32.ActiveCfg = Release|Win32
		{F7059DE6-6006-4948-9909-C5A8EE14EF62}.Release|Win32.Build.0 = Release|Win32
		{F7059DE6-6006-4948-9909-C5A8EE14EF62}.Release|x64.ActiveCfg = Release|x64
		{F7059DE6-6006-4948-9909-C5A8EE14EF62}.Release|x64.Build.0 = Release|x64
		{BC42F85C-317A-4F01-8AE7-2C77556663E9}.Debug|Win32.ActiveCfg = Debug|Win32
		{BC42F85C-317A-4F01-8AE7-2C77556663E9}.Debug|Win32.Build.0 = Debug|Win32
		{BC42F85C-317A-4F01-8AE7-2C77556663E9}.Debug|x64.ActiveCfg = Debug|x64
		{BC42F85C-317A-4F01-8AE7-2C77556663E9}.Debug|x64.Build.0 = Debug|x64
		{BC42F85C-317A-4F01-8AE7-2C77556663E9}.LIB Debug|Win32.ActiveCfg = Debug|Win32
		{BC42F85C-317A-4F01-8AE7-2C77556663E9}.LIB Debug|Win32.Build.0 = Debug|Win32
		{BC42F85C-317A-4F01-8AE7-2C77556663E9}.LIB Debug|Win32.Deploy.0 = Debug|Win32
		{BC42F85C-317A-4F01-8AE7-2C77556663E9}.LIB Debug|x64.ActiveCfg = Debug|x64
		{BC42F85C-317A-4F01-8AE7-2C77556663E9}.LIB Debug|x64.Build.0 = Debug|x64
		{BC42F85C-317A-4F01-8AE7-2C77556663E9}.LIB Debug|x64.Deploy.0 = Debug|x64
		{BC42F85C-317A-4F01-8AE7-2C77556663E9}.LIB Release|Win32.ActiveCfg = Release|Win32
		{BC42F85C-317A-4F01-8AE7-2C77556663E9}.LIB Release|Win32.Build.0 = Release|Win32
		{BC42F85C-317A-4F01-8AE7-2C77556663E9}.LIB Release|Win32.Deploy.0 = Release|Win32
		{BC42F85C-317A-4F01-8AE7-2C77556663E9}.LIB Release|x64.ActiveCfg = Release|x64
		{BC42F85C-317A-4F01-8AE7-2C77556663E9}.LIB Release|x64.Build.0 = Release|x64
		{BC42F85C-317A-4F01-8AE7-2C77556663E9}.LIB Release|x64.Deploy.0 = Release|x64
		{BC42F85C-317A-4F01-8AE7-2C77556663E9}.Release|Win32.ActiveCfg = Release|Win32
		{BC42F85C-317A-4F01-8AE7-2C77556663E9}.Release|Win32.Build.0 = Release|Win32
		{BC42F85C-317A-4F01-8AE7-2C77556663E9}.Release|x64.ActiveCfg = Release|x64
		{BC42F85C-317A-4F01-8AE7-2C77556663E9}.Release|x64.Build.0 = Release|x64
		{1205D711-2905-4EF0-8518-35D927CBEBB4}.Debug|Win32.ActiveCfg = Debug|Win32
		{1205D711-2905-4EF0-8518-35D927CBEBB4}.Debug|Win32.Build.0 = Debug|Win32
		{1205D711-2905-4EF0-8518-35D927CBEBB4}.Debug|x64.ActiveCfg = Debug|x64
		{1205D711-2905-4EF0-8518-35D927CBEBB4}.Debug|x64.Build.0 = Debug|x64
		{1205D711-2905-4EF0-8518-35D927CBEBB4}.LIB Debug|Win32.ActiveCfg = Debug|Win32
		{1205D711-2905-4EF0-8518-35D927CBEBB4}.LIB Debug|Win32.Build.0 = Debug|Win32
		{1205D711-2905-4EF0-8518-35D927CBEBB4}.LIB Debug|Win32.Deploy.0 = Debug|Win32
		{1205D711-2905-4EF0-8518-35D927CBEBB4}.LIB Debug|x64.ActiveCfg = Debug|x64
		{1205D711-2905-4EF0-8518-35D927CBEBB4}.LIB Debug|x64.Build.0 = Debug|x64
		{1205D711-2905-4EF0-8518-35D927CBEBB4}.LIB Debug|x64.Deploy.0 = Debug|x64
		{1205D711-2905-4EF0-8518-35D927CBEBB4}.LIB Release|Win32.ActiveCfg = Release|Win32
		{1205D711-2905-4EF0-8518-35D927CBEBB4}.LIB Release|Win32.Build.0 = Release|Win32
		{1205D711-2905-4EF0-8518-35D927CBEBB4}.LIB Release|Win32.Deploy.0 = Release|Win32
		{1205D711-2905-4EF0-8518-35D927CBEBB4}.LIB Release|x64.ActiveCfg = Release|x64
		{1205D711-2905-4EF0-8518-35D927CBEBB4}.LIB Release|x64.Build.0 = Release|x64
		{1205D711-2905-4EF0-8518-35D927CBEBB4}.LIB Release|x64.Deploy.0 = Release|x64
		{1205D711-2905-4EF0-8518-35D927CBEBB4}.Release|Win32.ActiveCfg = Release|Win32
		{1205D711-2905-4EF0-8518-35D927CBEBB4}.Release|Win32.Build.0 = Release|Win32
		{1205D711-2905-4EF0-8518-35D927CBEBB4}.Release|x64.ActiveCfg = Release|x64
		{1205D711-2905-4EF0-8518-35D927CBEBB4}.Release|x64.Build.0 = Release|x64
		{4FBDAD69-6D53-4CEC-85E2-024892F120CB}.Debug|Win32.ActiveCfg = Debug|Win32
		{4FBDAD69-6D53-4CEC-85E2-024892F120CB}.Debug|Win32.Build.0 = Debug|Win32
		{4FBDAD69-6D53-4CEC-85E2-024892F120CB}.Debug|x64.ActiveCfg = Debug|x64
		{4FBDAD69-6D53-4CEC-85E2-024892F120CB}.Debug|x64.Build.0 = Debug|x64
		{4FBDAD69-6D53-4CEC-85E2-024892F120CB}.LIB Debug|Win32.ActiveCfg = Debug|Win32
		{4FBDAD69-6D53-4CEC-85E2-024892F120CB}.LIB Debug|Win32.Build.0 = Debug|Win32
		{4FBDAD69-6D53-4CEC-85E2-024892F120CB}.LIB Debug|Win32.Deploy.0 = Debug|Win32
		{4FBDAD69-6D53-4CEC-85E2-024892F120CB}.LIB Debug|x64.ActiveCfg = Debug|x64
		{4FBDAD69-6D53-4CEC-85E2-024892F120CB}.LIB Debug|x64.Build.0 = Debug|x64
		{4FBDAD69-6D53-4CEC-85E2-024892F120CB}.LIB Debug|x64.Deploy.0 = Debug|x64
		{4FBDAD69-6D53-4CEC-85E2-024892F120CB}.LIB Release|Win32.ActiveCfg = Release|Win32
		{4FBDAD69-6D53-4CEC-85E2-024892F120CB}.LIB Release|Win32.Build.0 = Release|Win32
		{4FBDAD69-6D53-4CEC-85E2-024892F120CB}.LIB Release|Win32.Deploy.0 = Release|Win32
		{4FBDAD69-6D53-4CEC-85E2-024892F120CB}.LIB Release|x64.ActiveCfg = Release|x64
		{4FBDAD69-6D53-4CEC-85E2-024892F120CB}.LIB Release|x64.Build.0 = Release|x64
		{4FBDAD69-6D53-4CEC-85E2-024892F120CB}.LIB Release|x64.Deploy.0 = Release|x64
		{4FBDAD69-6D53-4CEC-85E2-024892F120CB}.Release|Win32.ActiveCfg = Release|Win32
		{4FBDAD69-6D53-4CEC-85E2-024892F120CB}.Release|Win32.Build.0 = Release|Win32
		{4FBDAD69-6D53-4CEC-85E2-024892F120CB}.Release|x64.ActiveCfg = Release|x64
		{4FBDAD69-6D53-4CEC-85E2-024892F120CB}.Release|x64.Build.0 = Release|x64
		{3D237D2C-264A-488A-83B5-A9E8B5F4EBD2}.Debug|Win32.ActiveCfg = Debug|Win32
		{3D237D2C-264A-488A-83B5-A9E8B5F4EBD2}.Debug|Win32.Build.0 = Debug|Win32
		{3D237D2C-264A-488A-83B5-A9E8B5F4EBD2}.Debug|x64.ActiveCfg = Debug|x64
		{3D237D2C-264A-488A-83B5-A9E8B5F4EBD2}.Debug|x64.Build.0 = Debug|x64
		{3D237D2C-264A-488A-83B5-A9E8B5F4EBD2}.LIB Debug|Win32.ActiveCfg = Debug|Win32
		{3D237D2C-264A-488A-83B5-A9E8B5F4EBD2}.LIB Debug|Win32.Build.0 = Debug|Win32
		{3D237D2C-264A-488A-83B5-A9E8B5F4EBD2}.LIB Debug|Win32.Deploy.0 = Debug|Win32
		{3D237D2C-264A-488A-83B5-A9E8B5F4EBD2}.LIB Debug|x64.ActiveCfg = Debug|x64
		{3D237D2C-264A-488A-83B5-A9E8B5F4EBD2}.LIB Debug|x64.Build.0 = Debug|x64
		{3D237D2C-264A-488A-83B5-A9E8B5F4EBD2}.LIB Debug|x64.Deploy.0 = Debug|x64
		{3D237D2C-264A-488A-83B5-A9E8B5F4EBD2}.LIB Release|Win32.ActiveCfg = Release|Win32
		{3D237D2C-264A-488A-83B5-A9E8B5F4EBD2}.LIB Release|Win32.Build.0 = Release|Win32
		{3D237D2C-264A-488A-83B5-A9E8B5F4EBD2}.LIB Release|Win32.Deploy.0 = Release|Win32
		{3D237D2C-264A-488A-83B5-A9E8B5F4EBD2}.LIB Release|x64.ActiveCfg = Release|x64
		{3D237D2C-264A-488A-83B5-A9E8B5F4EBD2}.LIB Release|x64.Build.0 = Release|x64
		{3D237D2C-264A-488A-83B5-A9E8B5F4EBD2}.LIB Release|x64.Deploy.0 = Release|x64
		{3D237D2C-264A-488A-83B5-A9E8B5F4EBD2}.Release|Win32.ActiveCfg = Release|Win32
		{3D237D2C-264A-488A-83B5-A9E8B5F4EBD2}.Release|Win32.Build.0 = Release|Win32
		{3D237D2C-264A-488A-83B5-A9E8B5F4EBD2}.Release|x64.ActiveCfg = Release|x64
		{3D237D2C-264A-488A-83B5-A9E8B5F4EBD2}.Release|x64.Build.0 = Release|x64
		{12F98CB9-F537-407D-9574-6AADFB1CDD59}.Debug|Win32.ActiveCfg = Debug|Win32
		{12F98CB9-F537-407D-9574-6AADFB1CDD59}.Debug|Win32.Build.0 = Debug|Win32
		{12F98CB9-F537-407D-9574-6AADFB1CDD59}.Debug|x64.ActiveCfg = Debug|x64
		{12F98CB9-F537-407D-9574-6AADFB1CDD59}.Debug|x64.Build.0 = Debug|x64
		{12F98CB9-F537-407D-9574-6AADFB1CDD59}.LIB Debug|Win32.ActiveCfg = Debug|Win32
		{12F98CB9-F537-407D-9574-6AADFB1CDD59}.LIB Debug|Win32.Build.0 = Debug|Win32
		{12F98CB9-F537-407D-9574-6AADFB1CDD59}.LIB Debug|Win32.Deploy.0 = Debug|Win32
		{12F98CB9-F537-407D-9574-6AADFB1CDD59}.LIB Debug|x64.ActiveCfg = Debug|x64
		{12F98CB9-F537-407D-9574-6AADFB1CDD59}.LIB Debug|x64.Build.0 = Debug|x64
		{12F98CB9-F537-407D-9574-6AADFB1CDD59}.LIB Debug|x64.Deploy.0 = Debug|x64
		{12F98CB9-F537-407D-9574-6AADFB1CDD59}.LIB Release|Win32.ActiveCfg = Release|Win32
		{12F98CB9-F537-407D-9574-6AADFB1CDD59}.LIB Release|Win32.Build.0 = Release|Win32
		{12F98CB9-F537-407D-9574-6AADFB1CDD59}.LIB Release|Win32.Deploy.0 = Release|Win32
		{12F98CB9-F537-407D-9574-6AADFB1CDD59}.LIB Release|x64.ActiveCfg = Release|x64
		{12F98CB9-F537-407D-9574-6AADFB1CDD59}.LIB Release|x64.Build.0 = Release|x64
		{12F98CB9-F537-407D-9574-6AADFB1CDD59}.LIB Release|x64.Deploy.0 = Release|x64
		{12F98CB9-F537-407D-9574-6AADFB1CDD59}.Release|Win32.ActiveCfg = Release|Win32
		{12F98CB9-F537-407D-9574-6AADFB1CDD59}.Release|Win32.Build.0 = Release|Win32
		{12F98CB9-F537-407D-9574-6AADFB1CDD59}.Release|x64.ActiveCfg = Release|x64
		{12F98CB9-F537-407D-9574-6AADFB1CDD59}.Release|x64.Build.0 = Release|x64
		{18D876BB-F632-42BA-B430-CD3CA3E3BF85}.Debug|Win32.ActiveCfg = Debug|Win32
		{18D876BB-F632-42BA-B430-CD3CA3E3BF85}.Debug|Win32.Build.0 = Debug|Win32
		{18D876BB-F632-42BA-B430-CD3CA3E3BF85}.Debug|x64.ActiveCfg = Debug|x64
		{18D876BB-F632-42BA-B430-CD3CA3E3BF85}.Debug|x64.Build.0 = Debug|x64
		{18D876BB-F632-42BA-B430-CD3CA3E3BF85}.LIB Debug|Win32.ActiveCfg = Debug|Win32
		{18D876BB-F632-42BA-B430-CD3CA3E3BF85}.LIB Debug|Win32.Build.0 = Debug|Win32
		{18D876BB-F632-42BA-B430-CD3CA3E3BF85}.LIB Debug|Win32.Deploy.0 = Debug|Win32
		{18D876BB-F632-42BA-B430-CD3CA3E3BF85}.LIB Debug|x64.ActiveCfg = Debug|x64
		{18D876BB-F632-42BA-B430-CD3CA3E3BF85}.LIB Debug|x64.Build.0 = Debug|x64
		{18D876BB-F632-42BA-B430-CD3CA3E3BF85}.LIB Debug|x64.Deploy.0 = Debug|x64
		{18D876BB-F632-42BA-B430-CD3CA3E3BF85}.LIB Release|Win32.ActiveCfg = Release|Win32
		{18D876BB-F632-42BA-B430-CD3CA3E3BF85}.LIB Release|Win32.Build.0 = Release|Win32
		{18D876BB-F632-42BA-B430-CD3CA3E3BF85}.LIB Release|Win32.Deploy.0 = Release|Win32
		{18D876BB-F632-42BA-B430-CD3CA3E3BF85}.LIB Release|x64.ActiveCfg = Release|x64
		{18D876BB-F632-42BA-B430-CD3CA3E3BF85}.LIB Release|x64.Build.0 = Release|x64
		{18D876BB-F632-42BA-B430-CD3CA3E3BF85}.LIB Release|x64.Deploy.0 = Release|x64
		{18D876BB-F632-42BA-B430-CD3CA3E3BF85}.Release|Win32.ActiveCfg = Release|Win32
		{18D876BB-F632-42BA-B430-CD3CA3E3BF85}.Release|Win32.Build.0 = Release|Win32
		{18D876BB-F632-42BA-B430-CD3CA3E3BF85}.Release|x64.ActiveCfg = Release|x64
		{18D876BB-F632-42BA-B430-CD3CA3E3BF85}.Release|x64.Build.0 = Release|x64
		{01B32BCC-BEEF-4A1B-9CAF-E936CAC46EDB}.Debug|Win32.ActiveCfg = Debug|Win32
		{01B32BCC-BEEF-4A1B-9CAF-E936CAC46EDB}.Debug|Win32.Build.0 = Debug|Win32
		{01B32BCC-BEEF-4A1B-9CAF-E936CAC46EDB}.Debug|x64.ActiveCfg = Debug|x64
		{01B32BCC-BEEF-4A1B-9CAF-E936CAC46EDB}.Debug|x64.Build.0 = Debug|x64
		{01B32BCC-BEEF-4A1B-9CAF-E936CAC46EDB}.LIB Debug|Win32.ActiveCfg = Debug|Win32
		{01B32BCC-BEEF-4A1B-9CAF-E936CAC46EDB}.LIB Debug|Win32.Build.0 = Debug|Win32
		{01B32BCC-BEEF-4A1B-9CAF-E936CAC46EDB}.LIB Debug|Win32.Deploy.0 = Debug|Win32
		{01B32BCC-BEEF-4A1B-9CAF-E936CAC46EDB}.LIB Debug|x64.ActiveCfg = Debug|x64
		{01B32BCC-BEEF-4A1B-9CAF-E936CAC46EDB}.LIB Debug|x64.Build.0 = Debug|x64
		{01B32BCC-BEEF-4A1B-9CAF-E936CAC46EDB}.LIB Debug|x64.Deploy.0 = Debug|x64
		{01B32BCC-BEEF-4A1B-9CAF-E936CAC46EDB}.LIB Release|Win32.ActiveCfg = Release|Win32
		{01B32BCC-BEEF-4A1B-9CAF-E936CAC46EDB}.LIB Release|Win32.Build.0 = Release|Win32
		{01B32BCC-BEEF-4A1B-9CAF-E936CAC46EDB}.LIB Release|Win32.Deploy.0 = Release|Win32
		{01B32BCC-BEEF-4A1B-9CAF-E936CAC46EDB}.LIB Release|x64.ActiveCfg = Release|x64
		{01B32BCC-BEEF-4A1B-9CAF-E936CAC46EDB}.LIB Release|x64.Build.0 = Release|x64
		{01B32BCC-BEEF-4A1B-9CAF-E936CAC46EDB}.LIB Release|x64.Deploy.0 = Release|x64
		{01B32BCC-BEEF-4A1B-9CAF-E936CAC46EDB}.Release|Win32.ActiveCfg = Release|Win32
		{01B32BCC-BEEF-4A1B-9CAF-E936CAC46EDB}.Release|Win32.Build.0 = Release|Win32
		{01B32BCC-BEEF-4A1B-9CAF-E936CAC46EDB}.Release|x64.ActiveCfg = Release|x64
		{01B32BCC-BEEF-4A1B-9CAF-E936CAC46EDB}.Release|x64.Build.0 = Release|x64
		{63B51AA3-A99F-4352-998A-53DD6E835CC7}.Debug|Win32.ActiveCfg = Debug|Win32
		{63B51AA3-A99F-4352-998A-53DD6E835CC7}.Debug|Win32.Build.0 = Debug|Win32
		{63B51AA3-A99F-4352-998A-53DD6E835CC7}.Debug|x64.ActiveCfg = Debug|x64
		{63B51AA3-A99F-4352-998A-53DD6E835CC7}.Debug|x64.Build.0 = Debug|x64
		{63B51AA3-A99F-4352-998A-53DD6E835CC7}.LIB Debug|Win32.ActiveCfg = Debug|Win32
		{63B51AA3-A99F-4352-998A-53DD6E835CC7}.LIB Debug|Win32.Build.0 = Debug|Win32
		{63B51AA3-A99F-4352-998A-53DD6E835CC7}.LIB Debug|Win32.Deploy.0 = Debug|Win32
		{63B51AA3-A99F-4352-998A-53DD6E835CC7}.LIB Debug|x64.ActiveCfg = Debug|x64
		{63B51AA3-A99F-4352-998A-53DD6E835CC7}.LIB Debug|x64.Build.0 = Debug|x64
		{63B51AA3-A99F-4352-998A-53DD6E835CC7}.LIB Debug|x64.Deploy.0 = Debug|x64
		{63B51AA3-A99F-4352-998A-53DD6E835CC7}.LIB Release|Win32.ActiveCfg = Release|Win32
		{63B51AA3-A99F-4352-998A-53DD6E835CC7}.LIB Release|Win32.Build.0 = Release|Win32
		{63B51AA3-A99F-4352-998A-53DD6E835CC7}.LIB Release|Win32.Deploy.0 = Release|Win32
		{63B51AA3-A99F-4352-998A-53DD6E835CC7}.LIB Release|x64.ActiveCfg = Release|x64
		{63B51AA3-A99F-4352-998A-53DD6E835CC7}.LIB Release|x64.Build.0 = Release|x64
		{63B51AA3-A99F-4352-998A-53DD6E835CC7}.LIB Release|x64.Deploy.0 = Release|x64
		{63B51AA3-A99F-4352-998A-53DD6E835CC7}.Release|Win32.ActiveCfg = Release|Win32
		{63B51AA3-A99F-4352-998A-53DD6E835CC7}.Release|Win32.Build.0 = Release|Win32
		{63B51AA3-A99F-4352-998A-53DD6E835CC7}.Release|x64.ActiveCfg = Release|x64
		{63B51AA3-A99F-4352-998A-53DD6E835CC7}.Release|x64.Build.0 = Release|x64
		{E6F65C2B-4931-4B03-9999-6BBA51CB3AA4}.Debug|Win32.ActiveCfg = Debug|Win32
		{E6F65C2B-4931-4B03-9999-6BBA51CB3AA4}.Debug|Win32.Build.0 = Debug|Win32
		{E6F65C2B-4931-4B03-9999-6BBA51CB3AA4}.Debug|x64.ActiveCfg = Debug|x64
		{E6F65C2B-4931-4B03-9999-6BBA51CB3AA4}.Debug|x64.Build.0 = Debug|x64
		{E6F65C2B-4931-4B03-9999-6BBA51CB3AA4}.LIB Debug|Win32.ActiveCfg = Debug|Win32
		{E6F65C2B-4931-4B03-9999-6BBA51CB3AA4}.LIB Debug|Win32.Build.0 = Debug|Win32
		{E6F65C2B-4931-4B03-9999-6BBA51CB3AA4}.LIB Debug|Win32.Deploy.0 = Debug|Win32
		{E6F65C2B-4931-4B03-9999-6BBA51CB3AA4}.LIB Debug|x64.ActiveCfg = Debug|x64
		{E6F65C2B-4931-4B03-9999-6BBA51CB3AA4}.LIB Debug|x64.Build.0 = Debug|x64
		{E6F65C2B-4931-4B03-9999-6BBA51CB3AA4}.LIB Debug|x64.Deploy.0 = Debug|x64
		{E6F65C2B-4931-4B03-9999-6BBA51CB3AA4}.LIB Release|Win32.ActiveCfg = Release|Win32
		{E6F65C2B-4931-4B03-9999-6BBA51CB3AA4}.LIB Release|Win32.Build.0 = Release|Win32
		{E6F65C2B-4931-4B03-9999-6BBA51CB3AA4}.LIB Release|Win32.Deploy.0 = Release|Win32
		{E6F65C2B-4931-4B03-9999-6BBA51CB3AA4}.LIB Release|x64.ActiveCfg = Release|x64
		{E6F65C2B-4931-4B03-9999-6BBA51CB3AA4}.LIB Release|x64.Build.0 = Release|x64
		{E6F65C2B-4931-4B03-9999-6BBA51CB3AA4}.LIB Release|x64.Deploy.0 = Release|x64
		{E6F65C2B-4931-4B03-9999-6BBA51CB3AA4}.Release|Win32.ActiveCfg = Release|Win32
		{E6F65C2B-4931-4B03-9999-6BBA51CB3AA4}.Release|Win32.Build.0 = Release|Win32
		{E6F65C2B-4931-4B03-9999-6BBA51CB3AA4}.Release|x64.ActiveCfg = Release|x64
		{E6F65C2B-4931-4B03-9999-6BBA51CB3AA4}.Release|x64.Build.0 = Release|x64
		{76C5A0E7-B6D1-4987-AAE2-36862C607DA4}.Debug|Win32.ActiveCfg = Debug|Win32
		{76C5A0E7-B6D1-4987-AAE2-36862C607DA4}.Debug|Win32.Build.0 = Debug|Win32
		{76C5A0E7-B6D1-4987-AAE2-36862C607DA4}.Debug|x64.ActiveCfg = Debug|x64
		{76C5A0E7-B6D1-4987-AAE2-36862C607DA4}.Debug|x64.Build.0 = Debug|x64
		{76C5A0E7-B6D1-4987-AAE2-36862C607DA4}.LIB Debug|Win32.ActiveCfg = Debug|Win32
		{76C5A0E7-B6D1-4987-AAE2-36862C607DA4}.LIB Debug|Win32.Build.0 = Debug|Win32
		{76C5A0E7-B6D1-4987-AAE2-36862C607DA4}.LIB Debug|Win32.Deploy.0 = Debug|Win32
		{76C5A0E7-B6D1-4987-AAE2-36862C607DA4}.LIB Debug|x64.ActiveCfg = Debug|x64
		{76C5A0E7-B6D1-4987-AAE2-36862C607DA4}.LIB Debug|x64.Build.0 = Debug|x64
		{76C5A0E7-B6D1-4987-AAE2-36862C607DA4}.LIB Debug|x64.Deploy.0 = Debug|x64
		{76C5A0E7-B6D1-4987-AAE2-36862C607DA4}.LIB Release|Win32.ActiveCfg = Release|Win32
		{76C5A0E7-B6D1-4987-AAE2-36862C607DA4}.LIB Release|Win32.Build.0 = Release|Win32
		{76C5A0E7-B6D1-4987-AAE2-36862C607DA4}.LIB Release|Win32.Deploy.0 = Release|Win32
		{76C5A0E7-B6D1-4987-AAE2-36862C607DA4}.LIB Release|x64.ActiveCfg = Release|x64
		{76C5A0E7-B6D1-4987-AAE2-36862C607DA4}.LIB Release|x64.Build.0 = Release|x64
		{76C5A0E7-B6D1-4987-AAE2-36862C607DA4}.LIB Release|x64.Deploy.0 = Release|x64
		{76C5A0E7-B6D1-4987-AAE2-36862C607DA4}.Release|Win32.ActiveCfg = Release|Win32
		{76C5A0E7-B6D1-4987-AAE2-36862C607DA4}.Release|Win32.Build.0 = Release|Win32
		{76C5A0E7-B6D1-4987-AAE2-36862C607DA4}.Release|x64.ActiveCfg = Release|x64
		{76C5A0E7-B6D1-4987-AAE2-36862C607DA4}.Release|x64.Build.0 = Release|x64
		{0E1014D2-0E8E-4C5C-B914-00D946E8103D}.Debug|Win32.ActiveCfg = Debug|Win32
		{0E1014D2-0E8E-4C5C-B914-00D946E8103D}.Debug|Win32.Build.0 = Debug|Win32
		{0E1014D2-0E8E-4C5C-B914-00D946E8103D}.Debug|x64.ActiveCfg = Debug|x64
		{0E1014D2-0E8E-4C5C-B914-00D946E8103D}.Debug|x64.Build.0 = Debug|x64
		{0E1014D2-0E8E-4C5C-B914-00D946E8103D}.LIB Debug|Win32.ActiveCfg = Debug|Win32
		{0E1014D2-0E8E-4C5C-B914-00D946E8103D}.LIB Debug|Win32.Build.0 = Debug|Win32
		{0E1014D2-0E8E-4C5C-B914-00D946E8103D}.LIB Debug|Win32.Deploy.0 = Debug|Win32
		{0E1014D2-0E8E-4C5C-B914-00D946E8103D}.LIB Debug|x64.ActiveCfg = Debug|x64
		{0E1014D2-0E8E-4C5C-B914-00D946E8103D}.LIB Debug|x64.Build.0 = Debug|x64
		{0E1014D2-0E8E-4C5C-B914-00D946E8103D}.LIB Debug|x64.Deploy.0 = Debug|x64
		{0E1014D2-0E8E-4C5C-B914-00D946E8103D}.LIB Release|Win32.ActiveCfg = Release|Win32
		{0E1014D2-0E8E-4C5C-B914-00D946E8103D}.LIB Release|Win32.Build.0 = Release|Win32
		{0E1014D2-0E8E-4C5C-B914-00D946E8103D}.LIB Release|Win32.Deploy.0 = Release|Win32
		{0E1014D2-0E8E-4C5C-B914-00D946E8103D}.LIB Release|x64.ActiveCfg = Release|x64
		{0E1014D2-0E8E-4C5C-B914-00D946E8103D}.LIB Release|x64.Build.0 = Release|x64
		{0E1014D2-0E8E-4C5C-B914-00D946E8103D}.LIB Release|x64.Deploy.0 = Release|x64
		{0E1014D2-0E8E-4C5C-B914-00D946E8103D}.Release|Win32.ActiveCfg = Release|Win32
		{0E1014D2-0E8E-4C5C-B914-00D946E8103D}.Release|Win32.Build.0 = Release|Win32
		{0E1014D2-0E8E-4C5C-B914-00D946E8103D}.Release|x64.ActiveCfg = Release|x64
		{0E1014D2-0E8E-4C5C-B914-00D946E8103D}.Release|x64.Build.0 = Release|x64
		{82A8A0AB-E3B0-4E15-AD57-251123913399}.Debug|Win32.ActiveCfg = Debug|Win32
		{82A8A0AB-E3B0-4E15-AD57-251123913399}.Debug|Win32.Build.0 = Debug|Win32
		{82A8A0AB-E3B0-4E15-AD57-251123913399}.Debug|x64.ActiveCfg = Debug|x64
		{82A8A0AB-E3B0-4E15-AD57-251123913399}.Debug|x64.Build.0 = Debug|x64
		{82A8A0AB-E3B0-4E15-AD57-251123913399}.LIB Debug|Win32.ActiveCfg = Debug|Win32
		{82A8A0AB-E3B0-4E15-AD57-251123913399}.LIB Debug|Win32.Build.0 = Debug|Win32
		{82A8A0AB-E3B0-4E15-AD57-251123913399}.LIB Debug|Win32.Deploy.0 = Debug|Win32
		{82A8A0AB-E3B0-4E15-AD57-251123913399}.LIB Debug|x64.ActiveCfg = Debug|x64
		{82A8A0AB-E3B0-4E15-AD57-251123913399}.LIB Debug|x64.Build.0 = Debug|x64
		{82A8A0AB-E3B0-4E15-AD57-251123913399}.LIB Debug|x64.Deploy.0 = Debug|x64
		{82A8A0AB-E3B0-4E15-AD57-251123913399}.LIB Release|Win32.ActiveCfg = Release|Win32
		{82A8A0AB-E3B0-4E15-AD57-251123913399}.LIB Release|Win32.Build.0 = Release|Win32
		{82A8A0AB-E3B0-4E15-AD57-251123913399}.LIB Release|Win32.Deploy.0 = Release|Win32
		{82A8A0AB-E3B0-4E15-AD57-251123913399}.LIB Release|x64.ActiveCfg = Release|x64
		{82A8A0AB-E3B0-4E15-AD57-251123913399}.LIB Release|x64.Build.0 = Release|x64
		{82A8A0AB-E3B0-4E15-AD57-251123913399}.LIB Release|x64.Deploy.0 = Release|x64
		{82A8A0AB-E3B0-4E15-AD57-251123913399}.Release|Win32.ActiveCfg = Release|Win32
		{82A8A0AB-E3B0-4E15-AD57-251123913399}.Release|Win32.Build.0 = Release|Win32
		{82A8A0AB-E3B0-4E15-AD57-251123913399}.Release|x64.ActiveCfg = Release|x64
		{82A8A0AB-E3B0-4E15-AD57-251123913399}.Release|x64.Build.0 = Release|x64
		{DFC31AEA-CDFB-4F18-80D8-86B3282F5C9E}.Debug|Win32.ActiveCfg = Debug|Win32
		{DFC31AEA-CDFB-4F18-80D8-86B3282F5C9E}.Debug|Win32.Build.0 = Debug|Win32
		{DFC31AEA-CDFB-4F18-80D8-86B3282F5C9E}.Debug|x64.ActiveCfg = Debug|x64
		{DFC31AEA-CDFB-4F18-80D8-86B3282F5C9E}.Debug|x64.Build.0 = Debug|x64
		{DFC31AEA-CDFB-4F18-80D8-86B3282F5C9E}.LIB Debug|Win32.ActiveCfg = Debug|Win32
		{DFC31AEA-CDFB-4F18-80D8-86B3282F5C9E}.LIB Debug|Win32.Build.0 = Debug|Win32
		{DFC31AEA-CDFB-4F18-80D8-86B3282F5C9E}.LIB Debug|Win32.Deploy.0 = Debug|Win32
		{DFC31AEA-CDFB-4F18-80D8-86B3282F5C9E}.LIB Debug|x64.ActiveCfg = Debug|x64
		{DFC31AEA-CDFB-4F18-80D8-86B3282F5C9E}.LIB Debug|x64.Build.0 = Debug|x64
		{DFC31AEA-CDFB-4F18-80D8-86B3282F5C9E}.LIB Debug|x64.Deploy.0 = Debug|x64
		{DFC31AEA-CDFB-4F18-80D8-86B3282F5C9E}.LIB Release|Win32.ActiveCfg = Release|Win32
		{DFC31AEA-CDFB-4F18-80D8-86B3282F5C9E}.LIB Release|Win32.Build.0 = Release|Win32
		{DFC31AEA-CDFB-4F18-80D8-86B3282F5C9E}.LIB Release|Win32.Deploy.0 = Release|Win32
		{DFC31AEA-CDFB-4F18-80D8-86B3282F5C9E}.LIB Release|x64.ActiveCfg = Release|x64
		{DFC31AEA-CDFB-4F18-80D8-86B3282F5C9E}.LIB Release|x64.Build.0 = Release|x64
		{DFC31AEA-CDFB-4F18-80D8-86B3282F5C9E}.LIB Release|x64.Deploy.0 = Release|x64
		{DFC31AEA-CDFB-4F18-80D8-86B3282F5C9E}.Release|Win32.ActiveCfg = Release|Win32
		{DFC31AEA-CDFB-4F18-80D8-86B3282F5C9E}.Release|Win32.Build.0 = Release|Win32
		{DFC31AEA-CDFB-4F18-80D8-86B3282F5C9E}.Release|x64.ActiveCfg = Release|x64
		{DFC31AEA-CDFB-4F18-80D8-86B3282F5C9E}.Release|x64.Build.0 = Release|x64
		{2982C88B-B59A-440A-964E-36C9D165F417}.Debug|Win32.ActiveCfg = Debug|Win32
		{2982C88B-B59A-440A-964E-36C9D165F417}.Debug|Win32.Build.0 = Debug|Win32
		{2982C88B-B59A-440A-964E-36C9D165F417}.Debug|x64.ActiveCfg = Debug|x64
		{2982C88B-B59A-440A-964E-36C9D165F417}.Debug|x64.Build.0 = Debug|x64
		{2982C88B-B59A-440A-964E-36C9D165F417}.LIB Debug|Win32.ActiveCfg = Debug|Win32
		{2982C88B-B59A-440A-964E-36C9D165F417}.LIB Debug|Win32.Build.0 = Debug|Win32
		{2982C88B-B59A-440A-964E-36C9D165F417}.LIB Debug|Win32.Deploy.0 = Debug|Win32
		{2982C88B-B59A-440A-964E-36C9D165F417}.LIB Debug|x64.ActiveCfg = Debug|x64
		{2982C88B-B59A-440A-964E-36C9D165F417}.LIB Debug|x64.Build.0 = Debug|x64
		{2982C88B-B59A-440A-964E-36C9D165F417}.LIB Debug|x64.Deploy.0 = Debug|x64
		{2982C88B-B59A-440A-964E-36C9D165F417}.LIB Release|Win32.ActiveCfg = Release|Win32
		{2982C88B-B59A-440A-964E-36C9D165F417}.LIB Release|Win32.Build.0 = Release|Win32
		{2982C88B-B59A-440A-964E-36C9D165F417}.LIB Release|Win32.Deploy.0 = Release|Win32
		{2982C88B-B59A-440A-964E-36C9D165F417}.LIB Release|x64.ActiveCfg = Release|x64
		{2982C88B-B59A-440A-964E-36C9D165F417}.LIB Release|x64.Build.0 = Release|x64
		{2982C88B-B59A-440A-964E-36C9D165F417}.LIB Release|x64.Deploy.0 = Release|x64
		{2982C88B-B59A-440A-964E-36C9D165F417}.Release|Win32.ActiveCfg = Release|Win32
		{2982C88B-B59A-440A-964E-36C9D165F417}.Release|Win32.Build.0 = Release|Win32
		{2982C88B-B59A-440A-964E-36C9D165F417}.Release|x64.ActiveCfg = Release|x64
		{2982C88B-B59A-440A-964E-36C9D165F417}.Release|x64.Build.0 = Release|x64
		{F3FCA53D-9183-4EA7-B8DA-AC60C1627B76}.Debug|Win32.ActiveCfg = Debug|Win32
		{F3FCA53D-9183-4EA7-B8DA-AC60C1627B76}.Debug|Win32.Build.0 = Debug|Win32
		{F3FCA53D-9183-4EA7-B8DA-AC60C1627B76}.Debug|x64.ActiveCfg = Debug|x64
		{F3FCA53D-9183-4EA7-B8DA-AC60C1627B76}.Debug|x64.Build.0 = Debug|x64
		{F3FCA53D-9183-4EA7-B8DA-AC60C1627B76}.LIB Debug|Win32.ActiveCfg = Debug|Win32
		{F3FCA53D-9183-4EA7-B8DA-AC60C1627B76}.LIB Debug|Win32.Build.0 = Debug|Win32
		{F3FCA53D-9183-4EA7-B8DA-AC60C1627B76}.LIB Debug|Win32.Deploy.0 = Debug|Win32
		{F3FCA53D-9183-4EA7-B8DA-AC60C1627B76}.LIB Debug|x64.ActiveCfg = Debug|x64
		{F3FCA53D-9183-4EA7-B8DA-AC60C1627B76}.LIB Debug|x64.Build.0 = Debug|x64
		{F3FCA53D-9183-4EA7-B8DA-AC60C1627B76}.LIB Debug|x64.Deploy.0 = Debug|x64
		{F3FCA53D-9183-4EA7-B8DA-AC60C1627B76}.LIB Release|Win32.ActiveCfg = Release|Win32
		{F3FCA53D-9183-4EA7-B8DA-AC60C1627B76}.LIB Release|Win32.Build.0 = Release|Win32
		{F3FCA53D-9183-4EA7-B8DA-AC60C1627B76}.LIB Release|Win32.Deploy.0 = Release|Win32
		{F3FCA53D-9183-4EA7-B8DA-AC60C1627B76}.LIB Release|x64.ActiveCfg = Release|x64
		{F3FCA53D-9183-4EA7-B8DA-AC60C1627B76}.LIB Release|x64.Build.0 = Release|x64
		{F3FCA53D-9183-4EA7-B8DA-AC60C1627B76}.LIB Release|x64.Deploy.0 = Release|x64
		{F3FCA53D-9183-4EA7-B8DA-AC60C1627B76}.Release|Win32.ActiveCfg = Release|Win32
		{F3FCA53D-9183-4EA7-B8DA-AC60C1627B76}.Release|Win32.Build.0 = Release|Win32
		{F3FCA53D-9183-4EA7-B8DA-AC60C1627B76}.Release|x64.ActiveCfg = Release|x64
		{F3FCA53D-9183-4EA7-B8DA-AC60C1627B76}.Release|x64.Build.0 = Release|x64
		{E2D7ADC9-CB08-465D-9ABE-DF4B3525C2DB}.Debug|Win32.ActiveCfg = Debug|Win32
		{E2D7ADC9-CB08-465D-9ABE-DF4B3525C2DB}.Debug|Win32.Build.0 = Debug|Win32
		{E2D7ADC9-CB08-465D-9ABE-DF4B3525C2DB}.Debug|x64.ActiveCfg = Debug|x64
		{E2D7ADC9-CB08-465D-9ABE-DF4B3525C2DB}.Debug|x64.Build.0 = Debug|x64
		{E2D7ADC9-CB08-465D-9ABE-DF4B3525C2DB}.LIB Debug|Win32.ActiveCfg = Debug|Win32
		{E2D7ADC9-CB08-465D-9ABE-DF4B3525C2DB}.LIB Debug|Win32.Build.0 = Debug|Win32
		{E2D7ADC9-CB08-465D-9ABE-DF4B3525C2DB}.LIB Debug|Win32.Deploy.0 = Debug|Win32
		{E2D7ADC9-CB08-465D-9ABE-DF4B3525C2DB}.LIB Debug|x64.ActiveCfg = Debug|x64
		{E2D7ADC9-CB08-465D-9ABE-DF4B3525C2DB}.LIB Debug|x64.Build.0 = Debug|x64
		{E2D7ADC9-CB08-465D-9ABE-DF4B3525C2DB}.LIB Debug|x64.Deploy.0 = Debug|x64
		{E2D7ADC9-CB08-465D-9ABE-DF4B3525C2DB}.LIB Release|Win32.ActiveCfg = Release|Win32
		{E2D7ADC9-CB08-465D-9ABE-DF4B3525C2DB}.LIB Release|Win32.Build.0 = Release|Win32
		{E2D7ADC9-CB08-465D-9ABE-DF4B3525C2DB}.LIB Release|Win32.Deploy.0 = Release|Win32
		{E2D7ADC9-CB08-465D-9ABE-DF4B3525C2DB}.LIB Release|x64.ActiveCfg = Release|x64
		{E2D7ADC9-CB08-465D-9ABE-DF4B3525C2DB}.LIB Release|x64.Build.0 = Release|x64
		{E2D7ADC9-CB08-465D-9ABE-DF4B3525C2DB}.LIB Release|x64.Deploy.0 = Release|x64
		{E2D7ADC9-CB08-465D-9ABE-DF4B3525C2DB}.Release|Win32.ActiveCfg = Release|Win32
		{E2D7ADC9-CB08-465D-9ABE-DF4B3525C2DB}.Release|Win32.Build.0 = Release|Win32
		{E2D7ADC9-CB08-465D-9ABE-DF4B3525C2DB}.Release|x64.ActiveCfg = Release|x64
		{E2D7ADC9-CB08-465D-9ABE-DF4B3525C2DB}.Release|x64.Build.0 = Release|x64
		{A4298B65-8A11-43D7-B2FD-CFD9AB50936D}.Debug|Win32.ActiveCfg = Debug|Win32
		{A4298B65-8A11-43D7-B2FD-CFD9AB50936D}.Debug|Win32.Build.0 = Debug|Win32
		{A4298B65-8A11-43D7-B2FD-CFD9AB50936D}.Debug|x64.ActiveCfg = Debug|x64
		{A4298B65-8A11-43D7-B2FD-CFD9AB50936D}.Debug|x64.Build.0 = Debug|x64
		{A4298B65-8A11-43D7-B2FD-CFD9AB50936D}.LIB Debug|Win32.ActiveCfg = Debug|Win32
		{A4298B65-8A11-43D7-B2FD-CFD9AB50936D}.LIB Debug|Win32.Build.0 = Debug|Win32
		{A4298B65-8A11-43D7-B2FD-CFD9AB50936D}.LIB Debug|Win32.Deploy.0 = Debug|Win32
		{A4298B65-8A11-43D7-B2FD-CFD9AB50936D}.LIB Debug|x64.ActiveCfg = Debug|x64
		{A4298B65-8A11-43D7-B2FD-CFD9AB50936D}.LIB Debug|x64.Build.0 = Debug|x64
		{A4298B65-8A11-43D7-B2FD-CFD9AB50936D}.LIB Debug|x64.Deploy.0 = Debug|x64
		{A4298B65-8A11-43D7-B2FD-CFD9AB50936D}.LIB Release|Win32.ActiveCfg = Release|Win32
		{A4298B65-8A11-43D7-B2FD-CFD9AB50936D}.LIB Release|Win32.Build.0 = Release|Win32
		{A4298B65-8A11-43D7-B2FD-CFD9AB50936D}.LIB Release|Win32.Deploy.0 = Release|Win32
		{A4298B65-8A11-43D7-B2FD-CFD9AB50936D}.LIB Release|x64.ActiveCfg = Release|x64
		{A4298B65-8A11-43D7-B2FD-CFD9AB50936D}.LIB Release|x64.Build.0 = Release|x64
		{A4298B65-8A11-43D7-B2FD-CFD9AB50936D}.LIB Release|x64.Deploy.0 = Release|x64
		{A4298B65-8A11-43D7-B2FD-CFD9AB50936D}.Release|Win32.ActiveCfg = Release|Win32
		{A4298B65-8A11-43D7-B2FD-CFD9AB50936D}.Release|Win32.Build.0 = Release|Win32
		{A4298B65-8A11-43D7-B2FD-CFD9AB50936D}.Release|x64.ActiveCfg = Release|x64
		{A4298B65-8A11-43D7-B2FD-CFD9AB50936D}.Release|x64.Build.0 = Release|x64
		{A3B37371-00AE-40E2-9397-633FE36EFBF7}.Debug|Win32.ActiveCfg = Debug|Win32
		{A3B37371-00AE-40E2-9397-633FE36EFBF7}.Debug|Win32.Build.0 = Debug|Win32
		{A3B37371-00AE-40E2-9397-633FE36EFBF7}.Debug|x64.ActiveCfg = Debug|x64
		{A3B37371-00AE-40E2-9397-633FE36EFBF7}.Debug|x64.Build.0 = Debug|x64
		{A3B37371-00AE-40E2-9397-633FE36EFBF7}.LIB Debug|Win32.ActiveCfg = Debug|Win32
		{A3B37371-00AE-40E2-9397-633FE36EFBF7}.LIB Debug|Win32.Build.0 = Debug|Win32
		{A3B37371-00AE-40E2-9397-633FE36EFBF7}.LIB Debug|Win32.Deploy.0 = Debug|Win32
		{A3B37371-00AE-40E2-9397-633FE36EFBF7}.LIB Debug|x64.ActiveCfg = Debug|x64
		{A3B37371-00AE-40E2-9397-633FE36EFBF7}.LIB Debug|x64.Build.0 = Debug|x64
		{A3B37371-00AE-40E2-9397-633FE36EFBF7}.LIB Debug|x64.Deploy.0 = Debug|x64
		{A3B37371-00AE-40E2-9397-633FE36EFBF7}.LIB Release|Win32.ActiveCfg = Release|Win32
		{A3B37371-00AE-40E2-9397-633FE36EFBF7}.LIB Release|Win32.Build.0 = Release|Win32
		{A3B37371-00AE-40E2-9397-633FE36EFBF7}.LIB Release|Win32.Deploy.0 = Release|Win32
		{A3B37371-00AE-40E2-9397-633FE36EFBF7}.LIB Release|x64.ActiveCfg = Release|x64
		{A3B37371-00AE-40E2-9397-633FE36EFBF7}.LIB Release|x64.Build.0 = Release|x64
		{A3B37371-00AE-40E2-9397-633FE36EFBF7}.LIB Release|x64.Deploy.0 = Release|x64
		{A3B37371-00AE-40E2-9397-633FE36EFBF7}.Release|Win32.ActiveCfg = Release|Win32
		{A3B37371-00AE-40E2-9397-633FE36EFBF7}.Release|Win32.Build.0 = Release|Win32
		{A3B37371-00AE-40E2-9397-633FE36EFBF7}.Release|x64.ActiveCfg = Release|x64
		{A3B37371-00AE-40E2-9397-633FE36EFBF7}.Release|x64.Build.0 = Release|x64
		{60899493-AC08-469D-8E2F-2A45A78F7E42}.Debug|Win32.ActiveCfg = Debug|Win32
		{60899493-AC08-469D-8E2F-2A45A78F7E42}.Debug|Win32.Build.0 = Debug|Win32
		{60899493-AC08-469D-8E2F-2A45A78F7E42}.Debug|x64.ActiveCfg = Debug|x64
		{60899493-AC08-469D-8E2F-2A45A78F7E42}.Debug|x64.Build.0 = Debug|x64
		{60899493-AC08-469D-8E2F-2A45A78F7E42}.LIB Debug|Win32.ActiveCfg = Debug|Win32
		{60899493-AC08-469D-8E2F-2A45A78F7E42}.LIB Debug|Win32.Build.0 = Debug|Win32
		{60899493-AC08-469D-8E2F-2A45A78F7E42}.LIB Debug|Win32.Deploy.0 = Debug|Win32
		{60899493-AC08-469D-8E2F-2A45A78F7E42}.LIB Debug|x64.ActiveCfg = Debug|x64
		{60899493-AC08-469D-8E2F-2A45A78F7E42}.LIB Debug|x64.Build.0 = Debug|x64
		{60899493-AC08-469D-8E2F-2A45A78F7E42}.LIB Debug|x64.Deploy.0 = Debug|x64
		{60899493-AC08-469D-8E2F-2A45A78F7E42}.LIB Release|Win32.ActiveCfg = Release|Win32
		{60899493-AC08-469D-8E2F-2A45A78F7E42}.LIB Release|Win32.Build.0 = Release|Win32
		{60899493-AC08-469D-8E2F-2A45A78F7E42}.LIB Release|Win32.Deploy.0 = Release|Win32
		{60899493-AC08-469D-8E2F-2A45A78F7E42}.LIB Release|x64.ActiveCfg = Release|x64
		{60899493-AC08-469D-8E2F-2A45A78F7E42}.LIB Release|x64.Build.0 = Release|x64
		{60899493-AC08-469D-8E2F-2A45A78F7E42}.LIB Release|x64.Deploy.0 = Release|x64
		{60899493-AC08-469D-8E2F-2A45A78F7E42}.Release|Win32.ActiveCfg = Release|Win32
		{60899493-AC08-469D-8E2F-2A45A78F7E42}.Release|Win32.Build.0 = Release|Win32
		{60899493-AC08-469D-8E2F-2A45A78F7E42}.Release|x64.ActiveCfg = Release|x64
		{60899493-AC08-469D-8E2F-2A45A78F7E42}.Release|x64.Build.0 = Release|x64
		{690D4F40-56C2-4A55-8E67-6443DCBD70BD}.Debug|Win32.ActiveCfg = Debug|Win32
		{690D4F40-56C2-4A55-8E67-6443DCBD70BD}.Debug|Win32.Build.0 = Debug|Win32
		{690D4F40-56C2-4A55-8E67-6443DCBD70BD}.Debug|Win32.Deploy.0 = Debug|Win32
		{690D4F40-56C2-4A55-8E67-6443DCBD70BD}.Debug|x64.ActiveCfg = Debug|x64
		{690D4F40-56C2-4A55-8E67-6443DCBD70BD}.Debug|x64.Build.0 = Debug|x64
		{690D4F40-56C2-4A55-8E67-6443DCBD70BD}.Debug|x64.Deploy.0 = Debug|x64
		{690D4F40-56C2-4A55-8E67-6443DCBD70BD}.LIB Debug|Win32.ActiveCfg = Debug|Win32
		{690D4F40-56C2-4A55-8E67-6443DCBD70BD}.LIB Debug|Win32.Build.0 = Debug|Win32
		{690D4F40-56C2-4A55-8E67-6443DCBD70BD}.LIB Debug|Win32.Deploy.0 = Debug|Win32
		{690D4F40-56C2-4A55-8E67-6443DCBD70BD}.LIB Debug|x64.ActiveCfg = Debug|x64
		{690D4F40-56C2-4A55-8E67-6443DCBD70BD}.LIB Debug|x64.Build.0 = Debug|x64
		{690D4F40-56C2-4A55-8E67-6443DCBD70BD}.LIB Debug|x64.Deploy.0 = Debug|x64
		{690D4F40-56C2-4A55-8E67-6443DCBD70BD}.LIB Release|Win32.ActiveCfg = Release|Win32
		{690D4F40-56C2-4A55-8E67-6443DCBD70BD}.LIB Release|Win32.Build.0 = Release|Win32
		{690D4F40-56C2-4A55-8E67-6443DCBD70BD}.LIB Release|Win32.Deploy.0 = Release|Win32
		{690D4F40-56C2-4A55-8E67-6443DCBD70BD}.LIB Release|x64.ActiveCfg = Release|x64
		{690D4F40-56C2-4A55-8E67-6443DCBD70BD}.LIB Release|x64.Build.0 = Release|x64
		{690D4F40-56C2-4A55-8E67-6443DCBD70BD}.LIB Release|x64.Deploy.0 = Release|x64
		{690D4F40-56C2-4A55-8E67-6443DCBD70BD}.Release|Win32.ActiveCfg = Release|Win32
		{690D4F40-56C2-4A55-8E67-6443DCBD70BD}.Release|Win32.Build.0 = Release|Win32
		{690D4F40-56C2-4A55-8E67-6443DCBD70BD}.Release|Win32.Deploy.0 = Release|Win32
		{690D4F40-56C2-4A55-8E67-6443DCBD70BD}.Release|x64.ActiveCfg = Release|x64
		{690D4F40-56C2-4A55-8E67-6443DCBD70BD}.Release|x64.Build.0 = Release|x64
		{690D4F40-56C2-4A55-8E67-6443DCBD70BD}.Release|x64.Deploy.0 = Release|x64
		{98903AB0-373A-442E-95C7-B030D753C8D1}.Debug|Win32.ActiveCfg = Debug|Win32
		{98903AB0-373A-442E-95C7-B030D753C8D1}.Debug|Win32.Build.0 = Debug|Win32
		{98903AB0-373A-442E-95C7-B030D753C8D1}.Debug|x64.ActiveCfg = Debug|x64
		{98903AB0-373A-442E-95C7-B030D753C8D1}.Debug|x64.Build.0 = Debug|x64
		{98903AB0-373A-442E-95C7-B030D753C8D1}.LIB Debug|Win32.ActiveCfg = Debug|Win32
		{98903AB0-373A-442E-95C7-B030D753C8D1}.LIB Debug|Win32.Build.0 = Debug|Win32
		{98903AB0-373A-442E-95C7-B030D753C8D1}.LIB Debug|x64.ActiveCfg = Debug|x64
		{98903AB0-373A-442E-95C7-B030D753C8D1}.LIB Debug|x64.Build.0 = Debug|x64
		{98903AB0-373A-442E-95C7-B030D753C8D1}.LIB Release|Win32.ActiveCfg = Release|Win32
		{98903AB0-373A-442E-95C7-B030D753C8D1}.LIB Release|Win32.Build.0 = Release|Win32
		{98903AB0-373A-442E-95C7-B030D753C8D1}.LIB Release|x64.ActiveCfg = Release|x64
		{98903AB0-373A-442E-95C7-B030D753C8D1}.LIB Release|x64.Build.0 = Release|x64
		{98903AB0-373A-442E-95C7-B030D753C8D1}.Release|Win32.ActiveCfg = Release|Win32
		{98903AB0-373A-442E-95C7-B030D753C8D1}.Release|Win32.Build.0 = Release|Win32
		{98903AB0-373A-442E-95C7-B030D753C8D1}.Release|x64.ActiveCfg = Release|x64
		{98903AB0-373A-442E-95C7-B030D753C8D1}.Release|x64.Build.0 = Release|x64
		{F05ED433-75FD-4301-A9D2-9D25D7416629}.Debug|Win32.ActiveCfg = Debug|Win32
		{F05ED433-75FD-4301-A9D2-9D25D7416629}.Debug|Win32.Build.0 = Debug|Win32
		{F05ED433-75FD-4301-A9D2-9D25D7416629}.Debug|x64.ActiveCfg = Debug|x64
		{F05ED433-75FD-4301-A9D2-9D25D7416629}.Debug|x64.Build.0 = Debug|x64
		{F05ED433-75FD-4301-A9D2-9D25D7416629}.LIB Debug|Win32.ActiveCfg = Debug|Win32
		{F05ED433-75FD-4301-A9D2-9D25D7416629}.LIB Debug|Win32.Build.0 = Debug|Win32
		{F05ED433-75FD-4301-A9D2-9D25D7416629}.LIB Debug|x64.ActiveCfg = Debug|x64
		{F05ED433-75FD-4301-A9D2-9D25D7416629}.LIB Debug|x64.Build.0 = Debug|x64
		{F05ED433-75FD-4301-A9D2-9D25D7416629}.LIB Release|Win32.ActiveCfg = Release|Win32
		{F05ED433-75FD-4301-A9D2-9D25D7416629}.LIB Release|Win32.Build.0 = Release|Win32
		{F05ED433-75FD-4301-A9D2-9D25D7416629}.LIB Release|x64.ActiveCfg = Release|x64
		{F05ED433-75FD-4301-A9D2-9D25D7416629}.LIB Release|x64.Build.0 = Release|x64
		{F05ED433-75FD-4301-A9D2-9D25D7416629}.Release|Win32.ActiveCfg = Release|Win32
		{F05ED433-75FD-4301-A9D2-9D25D7416629}.Release|Win32.Build.0 = Release|Win32
		{F05ED433-75FD-4301-A9D2-9D25D7416629}.Release|x64.ActiveCfg = Release|x64
		{F05ED433-75FD-4301-A9D2-9D25D7416629}.Release|x64.Build.0 = Release|x64
		{3D6872D4-39E0-44AF-883F-DBD85C69A0EE}.Debug|Win32.ActiveCfg = Debug|Win32
		{3D6872D4-39E0-44AF-883F-DBD85C69A0EE}.Debug|Win32.Build.0 = Debug|Win32
		{3D6872D4-39E0-44AF-883F-DBD85C69A0EE}.Debug|x64.ActiveCfg = Debug|x64
		{3D6872D4-39E0-44AF-883F-DBD85C69A0EE}.Debug|x64.Build.0 = Debug|x64
		{3D6872D4-39E0-44AF-883F-DBD85C69A0EE}.LIB Debug|Win32.ActiveCfg = Debug|Win32
		{3D6872D4-39E0-44AF-883F-DBD85C69A0EE}.LIB Debug|Win32.Build.0 = Debug|Win32
		{3D6872D4-39E0-44AF-883F-DBD85C69A0EE}.LIB Debug|x64.ActiveCfg = Debug|x64
		{3D6872D4-39E0-44AF-883F-DBD85C69A0EE}.LIB Debug|x64.Build.0 = Debug|x64
		{3D6872D4-39E0-44AF-883F-DBD85C69A0EE}.LIB Release|Win32.ActiveCfg = Release|Win32
		{3D6872D4-39E0-44AF-883F-DBD85C69A0EE}.LIB Release|Win32.Build.0 = Release|Win32
		{3D6872D4-39E0-44AF-883F-DBD85C69A0EE}.LIB Release|x64.ActiveCfg = Release|x64
		{3D6872D4-39E0-44AF-883F-DBD85C69A0EE}.LIB Release|x64.Build.0 = Release|x64
		{3D6872D4-39E0-44AF-883F-DBD85C69A0EE}.Release|Win32.ActiveCfg = Release|Win32
		{3D6872D4-39E0-44AF-883F-DBD85C69A0EE}.Release|Win32.Build.0 = Release|Win32
		{3D6872D4-39E0-44AF-883F-DBD85C69A0EE}.Release|x64.ActiveCfg = Release|x64
		{3D6872D4-39E0-44AF-883F-DBD85C69A0EE}.Release|x64.Build.0 = Release|x64
		{E8840562-2E65-4758-9CC0-80F7E03FDB2B}.Debug|Win32.ActiveCfg = Debug|Win32
		{E8840562-2E65-4758-9CC0-80F7E03FDB2B}.Debug|Win32.Build.0 = Debug|Win32
		{E8840562-2E65-4758-9CC0-80F7E03FDB2B}.Debug|x64.ActiveCfg = Debug|x64
		{E8840562-2E65-4758-9CC0-80F7E03FDB2B}.Debug|x64.Build.0 = Debug|x64
		{E8840562-2E65-4758-9CC0-80F7E03FDB2B}.LIB Debug|Win32.ActiveCfg = Debug|Win32
		{E8840562-2E65-4758-9CC0-80F7E03FDB2B}.LIB Debug|Win32.Build.0 = Debug|Win32
		{E8840562-2E65-4758-9CC0-80F7E03FDB2B}.LIB Debug|x64.ActiveCfg = Debug|x64
		{E8840562-2E65-4758-9CC0-80F7E03FDB2B}.LIB Debug|x64.Build.0 = Debug|x64
		{E8840562-2E65-4758-9CC0-80F7E03FDB2B}.LIB Release|Win32.ActiveCfg = Release|Win32
		{E8840562-2E65-4758-9CC0-80F7E03FDB2B}.LIB Release|Win32.Build.0 = Release|Win32
		{E8840562-2E65-4758-9CC0-80F7E03FDB2B}.LIB Release|x64.ActiveCfg = Release|x64
		{E8840562-2E65-4758-9CC0-80F7E03FDB2B}.LIB Release|x64.Build.0 = Release|x64
		{E8840562-2E65-4758-9CC0-80F7E03FDB2B}.Release|Win32.ActiveCfg = Release|Win32
		{E8840562-2E65-4758-9CC0-80F7E03FDB2B}.Release|Win32.Build.0 = Release|Win32
		{E8840562-2E65-4758-9CC0-80F7E03FDB2B}.Release|x64.ActiveCfg = Release|x64
		{E8840562-2E65-4758-9CC0-80F7E03FDB2B}.Release|x64.Build.0 = Release|x64
		{A63424F3-2800-4702-95A4-A62D7FD34549}.Debug|Win32.ActiveCfg = Debug|Win32
		{A63424F3-2800-4702-95A4-A62D7FD34549}.Debug|Win32.Build.0 = Debug|Win32
		{A63424F3-2800-4702-95A4-A62D7FD34549}.Debug|x64.ActiveCfg = Debug|x64
		{A63424F3-2800-4702-95A4-A62D7FD34549}.Debug|x64.Build.0 = Debug|x64
		{A63424F3-2800-4702-95A4-A62D7FD34549}.LIB Debug|Win32.ActiveCfg = Debug|Win32
		{A63424F3-2800-4702-95A4-A62D7FD34549}.LIB Debug|Win32.Build.0 = Debug|Win32
		{A63424F3-2800-4702-95A4-A62D7FD34549}.LIB Debug|x64.ActiveCfg = Debug|x64
		{A63424F3-2800-4702-95A4-A62D7FD34549}.LIB Debug|x64.Build.0 = Debug|x64
		{A63424F3-2800-4702-95A4-A62D7FD34549}.LIB Release|Win32.ActiveCfg = Release|Win32
		{A63424F3-2800-4702-95A4-A62D7FD34549}.LIB Release|Win32.Build.0 = Release|Win32
		{A63424F3-2800-4702-95A4-A62D7FD34549}.LIB Release|x64.ActiveCfg = Release|x64
		{A63424F3-2800-4702-95A4-A62D7FD34549}.LIB Release|x64.Build.0 = Release|x64
		{A63424F3-2800-4702-95A4-A62D7FD34549}.Release|Win32.ActiveCfg = Release|Win32
		{A63424F3-2800-4702-95A4-A62D7FD34549}.Release|Win32.Build.0 = Release|Win32
		{A63424F3-2800-4702-95A4-A62D7FD34549}.Release|x64.ActiveCfg = Release|x64
		{A63424F3-2800-4702-95A4-A62D7FD34549}.Release|x64.Build.0 = Release|x64
		{1B38DC8F-9025-4741-802F-B2C2F84FBD0F}.Debug|Win32.ActiveCfg = Debug|Win32
		{1B38DC8F-9025-4741-802F-B2C2F84FBD0F}.Debug|Win32.Build.0 = Debug|Win32
		{1B38DC8F-9025-4741-802F-B2C2F84FBD0F}.Debug|x64.ActiveCfg = Debug|x64
		{1B38DC8F-9025-4741-802F-B2C2F84FBD0F}.Debug|x64.Build.0 = Debug|x64
		{1B38DC8F-9025-4741-802F-B2C2F84FBD0F}.LIB Debug|Win32.ActiveCfg = Debug|Win32
		{1B38DC8F-9025-4741-802F-B2C2F84FBD0F}.LIB Debug|Win32.Build.0 = Debug|Win32
		{1B38DC8F-9025-4741-802F-B2C2F84FBD0F}.LIB Debug|x64.ActiveCfg = Debug|x64
		{1B38DC8F-9025-4741-802F-B2C2F84FBD0F}.LIB Debug|x64.Build.0 = Debug|x64
		{1B38DC8F-9025-4741-802F-B2C2F84FBD0F}.LIB Release|Win32.ActiveCfg = Release|Win32
		{1B38DC8F-9025-4741-802F-B2C2F84FBD0F}.LIB Release|Win32.Build.0 = Release|Win32
		{1B38DC8F-9025-4741-802F-B2C2F84FBD0F}.LIB Release|x64.ActiveCfg = Release|x64
		{1B38DC8F-9025-4741-802F-B2C2F84FBD0F}.LIB Release|x64.Build.0 = Release|x64
		{1B38DC8F-9025-4741-802F-B2C2F84FBD0F}.Release|Win32.ActiveCfg = Release|Win32
		{1B38DC8F-9025-4741-802F-B2C2F84FBD0F}.Release|Win32.Build.0 = Release|Win32
		{1B38DC8F-9025-4741-802F-B2C2F84FBD0F}.Release|x64.ActiveCfg = Release|x64
		{1B38DC8F-9025-4741-802F-B2C2F84FBD0F}.Release|x64.Build.0 = Release|x64
		{B8609CEB-46DA-4C01-890D-88F2E73030B3}.Debug|Win32.ActiveCfg = Debug|Win32
		{B8609CEB-46DA-4C01-890D-88F2E73030B3}.Debug|Win32.Build.0 = Debug|Win32
		{B8609CEB-46DA-4C01-890D-88F2E73030B3}.Debug|x64.ActiveCfg = Debug|x64
		{B8609CEB-46DA-4C01-890D-88F2E73030B3}.Debug|x64.Build.0 = Debug|x64
		{B8609CEB-46DA-4C01-890D-88F2E73030B3}.LIB Debug|Win32.ActiveCfg = Debug|Win32
		{B8609CEB-46DA-4C01-890D-88F2E73030B3}.LIB Debug|Win32.Build.0 = Debug|Win32
		{B8609CEB-46DA-4C01-890D-88F2E73030B3}.LIB Debug|x64.ActiveCfg = Debug|x64
		{B8609CEB-46DA-4C01-890D-88F2E73030B3}.LIB Debug|x64.Build.0 = Debug|x64
		{B8609CEB-46DA-4C01-890D-88F2E73030B3}.LIB Release|Win32.ActiveCfg = Release|Win32
		{B8609CEB-46DA-4C01-890D-88F2E73030B3}.LIB Release|Win32.Build.0 = Release|Win32
		{B8609CEB-46DA-4C01-890D-88F2E73030B3}.LIB Release|x64.ActiveCfg = Release|x64
		{B8609CEB-46DA-4C01-890D-88F2E73030B3}.LIB Release|x64.Build.0 = Release|x64
		{B8609CEB-46DA-4C01-890D-88F2E73030B3}.Release|Win32.ActiveCfg = Release|Win32
		{B8609CEB-46DA-4C01-890D-88F2E73030B3}.Release|Win32.Build.0 = Release|Win32
		{B8609CEB-46DA-4C01-890D-88F2E73030B3}.Release|x64.ActiveCfg = Release|x64
		{B8609CEB-46DA-4C01-890D-88F2E73030B3}.Release|x64.Build.0 = Release|x64
		{6E1144E2-32C4-414B-B368-E0C0AAA2029D}.Debug|Win32.ActiveCfg = Debug|Win32
		{6E1144E2-32C4-414B-B368-E0C0AAA2029D}.Debug|Win32.Build.0 = Debug|Win32
		{6E1144E2-32C4-414B-B368-E0C0AAA2029D}.Debug|x64.ActiveCfg = Debug|x64
		{6E1144E2-32C4-414B-B368-E0C0AAA2029D}.Debug|x64.Build.0 = Debug|x64
		{6E1144E2-32C4-414B-B368-E0C0AAA2029D}.LIB Debug|Win32.ActiveCfg = Debug|Win32
		{6E1144E2-32C4-414B-B368-E0C0AAA2029D}.LIB Debug|Win32.Build.0 = Debug|Win32
		{6E1144E2-32C4-414B-B368-E0C0AAA2029D}.LIB Debug|x64.ActiveCfg = Debug|x64
		{6E1144E2-32C4-414B-B368-E0C0AAA2029D}.LIB Debug|x64.Build.0 = Debug|x64
		{6E1144E2-32C4-414B-B368-E0C0AAA2029D}.LIB Release|Win32.ActiveCfg = Release|Win32
		{6E1144E2-32C4-414B-B368-E0C0AAA2029D}.LIB Release|Win32.Build.0 = Release|Win32
		{6E1144E2-32C4-414B-B368-E0C0AAA2029D}.LIB Release|x64.ActiveCfg = Release|x64
		{6E1144E2-32C4-414B-B368-E0C0AAA2029D}.LIB Release|x64.Build.0 = Release|x64
		{6E1144E2-32C4-414B-B368-E0C0AAA2029D}.Release|Win32.ActiveCfg = Release|Win32
		{6E1144E2-32C4-414B-B368-E0C0AAA2029D}.Release|Win32.Build.0 = Release|Win32
		{6E1144E2-32C4-414B-B368-E0C0AAA2029D}.Release|x64.ActiveCfg = Release|x64
		{6E1144E2-32C4-414B-B368-E0C0AAA2029D}.Release|x64.Build.0 = Release|x64
		{CBBD78DF-813F-4B20-94E0-9E4DE410A53E}.Debug|Win32.ActiveCfg = Debug|Win32
		{CBBD78DF-813F-4B20-94E0-9E4DE410A53E}.Debug|Win32.Build.0 = Debug|Win32
		{CBBD78DF-813F-4B20-94E0-9E4DE410A53E}.Debug|x64.ActiveCfg = Debug|x64
		{CBBD78DF-813F-4B20-94E0-9E4DE410A53E}.Debug|x64.Build.0 = Debug|x64
		{CBBD78DF-813F-4B20-94E0-9E4DE410A53E}.LIB Debug|Win32.ActiveCfg = Debug|Win32
		{CBBD78DF-813F-4B20-94E0-9E4DE410A53E}.LIB Debug|Win32.Build.0 = Debug|Win32
		{CBBD78DF-813F-4B20-94E0-9E4DE410A53E}.LIB Debug|x64.ActiveCfg = Debug|x64
		{CBBD78DF-813F-4B20-94E0-9E4DE410A53E}.LIB Debug|x64.Build.0 = Debug|x64
		{CBBD78DF-813F-4B20-94E0-9E4DE410A53E}.LIB Release|Win32.ActiveCfg = Release|Win32
		{CBBD78DF-813F-4B20-94E0-9E4DE410A53E}.LIB Release|Win32.Build.0 = Release|Win32
		{CBBD78DF-813F-4B20-94E0-9E4DE410A53E}.LIB Release|x64.ActiveCfg = Release|x64
		{CBBD78DF-813F-4B20-94E0-9E4DE410A53E}.LIB Release|x64.Build.0 = Release|x64
		{CBBD78DF-813F-4B20-94E0-9E4DE410A53E}.Release|Win32.ActiveCfg = Release|Win32
		{CBBD78DF-813F-4B20-94E0-9E4DE410A53E}.Release|Win32.Build.0 = Release|Win32
		{CBBD78DF-813F-4B20-94E0-9E4DE410A53E}.Release|x64.ActiveCfg = Release|x64
		{CBBD78DF-813F-4B20-94E0-9E4DE410A53E}.Release|x64.Build.0 = Release|x64
	EndGlobalSection
	GlobalSection(SolutionProperties) = preSolution
		HideSolutionNode = FALSE
	EndGlobalSection
	GlobalSection(NestedProjects) = preSolution
		{4FBDAD69-6D53-4CEC-85E2-024892F120CB} = {35D8B052-EA34-450E-A800-87A0EFDE52BE}
		{3D237D2C-264A-488A-83B5-A9E8B5F4EBD2} = {04F80BDA-BA94-457F-9D31-BDDDDD61F55B}
		{12F98CB9-F537-407D-9574-6AADFB1CDD59} = {16123044-363C-4DCB-BEFD-D7447A62C599}
		{18D876BB-F632-42BA-B430-CD3CA3E3BF85} = {16123044-363C-4DCB-BEFD-D7447A62C599}
		{01B32BCC-BEEF-4A1B-9CAF-E936CAC46EDB} = {16123044-363C-4DCB-BEFD-D7447A62C599}
		{76C5A0E7-B6D1-4987-AAE2-36862C607DA4} = {16123044-363C-4DCB-BEFD-D7447A62C599}
		{0E1014D2-0E8E-4C5C-B914-00D946E8103D} = {16123044-363C-4DCB-BEFD-D7447A62C599}
		{82A8A0AB-E3B0-4E15-AD57-251123913399} = {ACB5E8C7-80A3-47B7-AF7C-CA4412C09B6C}
		{DFC31AEA-CDFB-4F18-80D8-86B3282F5C9E} = {ACB5E8C7-80A3-47B7-AF7C-CA4412C09B6C}
		{2982C88B-B59A-440A-964E-36C9D165F417} = {ACB5E8C7-80A3-47B7-AF7C-CA4412C09B6C}
		{F3FCA53D-9183-4EA7-B8DA-AC60C1627B76} = {ACB5E8C7-80A3-47B7-AF7C-CA4412C09B6C}
		{E2D7ADC9-CB08-465D-9ABE-DF4B3525C2DB} = {ACB5E8C7-80A3-47B7-AF7C-CA4412C09B6C}
		{A4298B65-8A11-43D7-B2FD-CFD9AB50936D} = {ACB5E8C7-80A3-47B7-AF7C-CA4412C09B6C}
		{A3B37371-00AE-40E2-9397-633FE36EFBF7} = {ACB5E8C7-80A3-47B7-AF7C-CA4412C09B6C}
		{690D4F40-56C2-4A55-8E67-6443DCBD70BD} = {ACB5E8C7-80A3-47B7-AF7C-CA4412C09B6C}
		{F05ED433-75FD-4301-A9D2-9D25D7416629} = {16123044-363C-4DCB-BEFD-D7447A62C599}
		{3D6872D4-39E0-44AF-883F-DBD85C69A0EE} = {16123044-363C-4DCB-BEFD-D7447A62C599}
		{A63424F3-2800-4702-95A4-A62D7FD34549} = {04F80BDA-BA94-457F-9D31-BDDDDD61F55B}
		{1B38DC8F-9025-4741-802F-B2C2F84FBD0F} = {35D8B052-EA34-450E-A800-87A0EFDE52BE}
		{CBBD78DF-813F-4B20-94E0-9E4DE410A53E} = {ACB5E8C7-80A3-47B7-AF7C-CA4412C09B6C}
	EndGlobalSection
	GlobalSection(ExtensibilityGlobals) = postSolution
		SolutionGuid = {A803206C-9AD2-4DB9-851C-02AEA3228D78}
	EndGlobalSection
EndGlobal
