<?xml version="1.0" encoding="utf-8"?>
<Project ToolsVersion="4.0" xmlns="http://schemas.microsoft.com/developer/msbuild/2003">
  <ItemGroup>
    <Filter Include="vtls">
      <UniqueIdentifier>{d9f335b6-708c-4280-85c9-e62125232a59}</UniqueIdentifier>
    </Filter>
    <Filter Include="vssh">
      <UniqueIdentifier>{a4989d5d-8b77-4d35-b477-f27238c5138a}</UniqueIdentifier>
    </Filter>
    <Filter Include="vquic">
      <UniqueIdentifier>{9a48d7f5-0e5b-408e-a272-3c4312efde9b}</UniqueIdentifier>
    </Filter>
    <Filter Include="vauth">
      <UniqueIdentifier>{31096607-007e-4c49-9ce2-229d4156188e}</UniqueIdentifier>
    </Filter>
  </ItemGroup>
  <ItemGroup>
    <ClCompile Include="..\..\..\..\open_src\curl\lib\vauth\cleartext.c">
      <Filter>vauth</Filter>
    </ClCompile>
    <ClCompile Include="..\..\..\..\open_src\curl\lib\vauth\cram.c">
      <Filter>vauth</Filter>
    </ClCompile>
    <ClCompile Include="..\..\..\..\open_src\curl\lib\vauth\digest.c">
      <Filter>vauth</Filter>
    </ClCompile>
    <ClCompile Include="..\..\..\..\open_src\curl\lib\vauth\digest_sspi.c">
      <Filter>vauth</Filter>
    </ClCompile>
    <ClCompile Include="..\..\..\..\open_src\curl\lib\vauth\krb5_gssapi.c">
      <Filter>vauth</Filter>
    </ClCompile>
    <ClCompile Include="..\..\..\..\open_src\curl\lib\vauth\krb5_sspi.c">
      <Filter>vauth</Filter>
    </ClCompile>
    <ClCompile Include="..\..\..\..\open_src\curl\lib\vauth\ntlm.c">
      <Filter>vauth</Filter>
    </ClCompile>
    <ClCompile Include="..\..\..\..\open_src\curl\lib\vauth\ntlm_sspi.c">
      <Filter>vauth</Filter>
    </ClCompile>
    <ClCompile Include="..\..\..\..\open_src\curl\lib\vauth\oauth2.c">
      <Filter>vauth</Filter>
    </ClCompile>
    <ClCompile Include="..\..\..\..\open_src\curl\lib\vauth\spnego_gssapi.c">
      <Filter>vauth</Filter>
    </ClCompile>
    <ClCompile Include="..\..\..\..\open_src\curl\lib\vauth\spnego_sspi.c">
      <Filter>vauth</Filter>
    </ClCompile>
    <ClCompile Include="..\..\..\..\open_src\curl\lib\vauth\vauth.c">
      <Filter>vauth</Filter>
    </ClCompile>
    <ClCompile Include="..\..\..\..\open_src\curl\lib\vquic\ngtcp2.c">
      <Filter>vquic</Filter>
    </ClCompile>
    <ClCompile Include="..\..\..\..\open_src\curl\lib\vquic\quiche.c">
      <Filter>vquic</Filter>
    </ClCompile>
    <ClCompile Include="..\..\..\..\open_src\curl\lib\vquic\vquic.c">
      <Filter>vquic</Filter>
    </ClCompile>
    <ClCompile Include="..\..\..\..\open_src\curl\lib\vssh\libssh.c">
      <Filter>vssh</Filter>
    </ClCompile>
    <ClCompile Include="..\..\..\..\open_src\curl\lib\vssh\libssh2.c">
      <Filter>vssh</Filter>
    </ClCompile>
    <ClCompile Include="..\..\..\..\open_src\curl\lib\vssh\wolfssh.c">
      <Filter>vssh</Filter>
    </ClCompile>
    <ClCompile Include="..\..\..\..\open_src\curl\lib\vtls\bearssl.c">
      <Filter>vtls</Filter>
    </ClCompile>
    <ClCompile Include="..\..\..\..\open_src\curl\lib\vtls\gskit.c">
      <Filter>vtls</Filter>
    </ClCompile>
    <ClCompile Include="..\..\..\..\open_src\curl\lib\vtls\gtls.c">
      <Filter>vtls</Filter>
    </ClCompile>
    <ClCompile Include="..\..\..\..\open_src\curl\lib\vtls\keylog.c">
      <Filter>vtls</Filter>
    </ClCompile>
    <ClCompile Include="..\..\..\..\open_src\curl\lib\vtls\mbedtls.c">
      <Filter>vtls</Filter>
    </ClCompile>
    <ClCompile Include="..\..\..\..\open_src\curl\lib\vtls\mbedtls_threadlock.c">
      <Filter>vtls</Filter>
    </ClCompile>
    <ClCompile Include="..\..\..\..\open_src\curl\lib\vtls\mesalink.c">
      <Filter>vtls</Filter>
    </ClCompile>
    <ClCompile Include="..\..\..\..\open_src\curl\lib\vtls\nss.c">
      <Filter>vtls</Filter>
    </ClCompile>
    <ClCompile Include="..\..\..\..\open_src\curl\lib\vtls\openssl.c">
      <Filter>vtls</Filter>
    </ClCompile>
    <ClCompile Include="..\..\..\..\open_src\curl\lib\vtls\schannel.c">
      <Filter>vtls</Filter>
    </ClCompile>
    <ClCompile Include="..\..\..\..\open_src\curl\lib\vtls\schannel_verify.c">
      <Filter>vtls</Filter>
    </ClCompile>
    <ClCompile Include="..\..\..\..\open_src\curl\lib\vtls\sectransp.c">
      <Filter>vtls</Filter>
    </ClCompile>
    <ClCompile Include="..\..\..\..\open_src\curl\lib\vtls\vtls.c">
      <Filter>vtls</Filter>
    </ClCompile>
    <ClCompile Include="..\..\..\..\open_src\curl\lib\vtls\wolfssl.c">
      <Filter>vtls</Filter>
    </ClCompile>
    <ClCompile Include="..\..\..\..\open_src\curl\lib\altsvc.c" />
    <ClCompile Include="..\..\..\..\open_src\curl\lib\amigaos.c" />
    <ClCompile Include="..\..\..\..\open_src\curl\lib\asyn-ares.c" />
    <ClCompile Include="..\..\..\..\open_src\curl\lib\asyn-thread.c" />
    <ClCompile Include="..\..\..\..\open_src\curl\lib\base64.c" />
    <ClCompile Include="..\..\..\..\open_src\curl\lib\conncache.c" />
    <ClCompile Include="..\..\..\..\open_src\curl\lib\connect.c" />
    <ClCompile Include="..\..\..\..\open_src\curl\lib\content_encoding.c" />
    <ClCompile Include="..\..\..\..\open_src\curl\lib\cookie.c" />
    <ClCompile Include="..\..\..\..\open_src\curl\lib\curl_addrinfo.c" />
    <ClCompile Include="..\..\..\..\open_src\curl\lib\curl_ctype.c" />
    <ClCompile Include="..\..\..\..\open_src\curl\lib\curl_des.c" />
    <ClCompile Include="..\..\..\..\open_src\curl\lib\curl_endian.c" />
    <ClCompile Include="..\..\..\..\open_src\curl\lib\curl_fnmatch.c" />
    <ClCompile Include="..\..\..\..\open_src\curl\lib\curl_get_line.c" />
    <ClCompile Include="..\..\..\..\open_src\curl\lib\curl_gethostname.c" />
    <ClCompile Include="..\..\..\..\open_src\curl\lib\curl_gssapi.c" />
    <ClCompile Include="..\..\..\..\open_src\curl\lib\curl_memrchr.c" />
    <ClCompile Include="..\..\..\..\open_src\curl\lib\curl_multibyte.c" />
    <ClCompile Include="..\..\..\..\open_src\curl\lib\curl_ntlm_core.c" />
    <ClCompile Include="..\..\..\..\open_src\curl\lib\curl_ntlm_wb.c" />
    <ClCompile Include="..\..\..\..\open_src\curl\lib\curl_path.c" />
    <ClCompile Include="..\..\..\..\open_src\curl\lib\curl_range.c" />
    <ClCompile Include="..\..\..\..\open_src\curl\lib\curl_rtmp.c" />
    <ClCompile Include="..\..\..\..\open_src\curl\lib\curl_sasl.c" />
    <ClCompile Include="..\..\..\..\open_src\curl\lib\curl_sspi.c" />
    <ClCompile Include="..\..\..\..\open_src\curl\lib\curl_threads.c" />
    <ClCompile Include="..\..\..\..\open_src\curl\lib\dict.c" />
    <ClCompile Include="..\..\..\..\open_src\curl\lib\doh.c" />
    <ClCompile Include="..\..\..\..\open_src\curl\lib\dotdot.c" />
    <ClCompile Include="..\..\..\..\open_src\curl\lib\dynbuf.c" />
    <ClCompile Include="..\..\..\..\open_src\curl\lib\easy.c" />
    <ClCompile Include="..\..\..\..\open_src\curl\lib\escape.c" />
    <ClCompile Include="..\..\..\..\open_src\curl\lib\file.c" />
    <ClCompile Include="..\..\..\..\open_src\curl\lib\fileinfo.c" />
    <ClCompile Include="..\..\..\..\open_src\curl\lib\formdata.c" />
    <ClCompile Include="..\..\..\..\open_src\curl\lib\ftp.c" />
    <ClCompile Include="..\..\..\..\open_src\curl\lib\ftplistparser.c" />
    <ClCompile Include="..\..\..\..\open_src\curl\lib\getenv.c" />
    <ClCompile Include="..\..\..\..\open_src\curl\lib\getinfo.c" />
    <ClCompile Include="..\..\..\..\open_src\curl\lib\gopher.c" />
    <ClCompile Include="..\..\..\..\open_src\curl\lib\hash.c" />
    <ClCompile Include="..\..\..\..\open_src\curl\lib\hmac.c" />
    <ClCompile Include="..\..\..\..\open_src\curl\lib\hostasyn.c" />
    <ClCompile Include="..\..\..\..\open_src\curl\lib\hostcheck.c" />
    <ClCompile Include="..\..\..\..\open_src\curl\lib\hostip.c" />
    <ClCompile Include="..\..\..\..\open_src\curl\lib\hostip4.c" />
    <ClCompile Include="..\..\..\..\open_src\curl\lib\hostip6.c" />
    <ClCompile Include="..\..\..\..\open_src\curl\lib\hostsyn.c" />
    <ClCompile Include="..\..\..\..\open_src\curl\lib\http.c" />
    <ClCompile Include="..\..\..\..\open_src\curl\lib\http_chunks.c" />
    <ClCompile Include="..\..\..\..\open_src\curl\lib\http_digest.c" />
    <ClCompile Include="..\..\..\..\open_src\curl\lib\http_negotiate.c" />
    <ClCompile Include="..\..\..\..\open_src\curl\lib\http_ntlm.c" />
    <ClCompile Include="..\..\..\..\open_src\curl\lib\http_proxy.c" />
    <ClCompile Include="..\..\..\..\open_src\curl\lib\http2.c" />
    <ClCompile Include="..\..\..\..\open_src\curl\lib\idn_win32.c" />
    <ClCompile Include="..\..\..\..\open_src\curl\lib\if2ip.c" />
    <ClCompile Include="..\..\..\..\open_src\curl\lib\imap.c" />
    <ClCompile Include="..\..\..\..\open_src\curl\lib\inet_ntop.c" />
    <ClCompile Include="..\..\..\..\open_src\curl\lib\inet_pton.c" />
    <ClCompile Include="..\..\..\..\open_src\curl\lib\krb5.c" />
    <ClCompile Include="..\..\..\..\open_src\curl\lib\ldap.c" />
    <ClCompile Include="..\..\..\..\open_src\curl\lib\llist.c" />
    <ClCompile Include="..\..\..\..\open_src\curl\lib\md4.c" />
    <ClCompile Include="..\..\..\..\open_src\curl\lib\md5.c" />
    <ClCompile Include="..\..\..\..\open_src\curl\lib\memdebug.c" />
    <ClCompile Include="..\..\..\..\open_src\curl\lib\mime.c" />
    <ClCompile Include="..\..\..\..\open_src\curl\lib\mprintf.c" />
    <ClCompile Include="..\..\..\..\open_src\curl\lib\mqtt.c" />
    <ClCompile Include="..\..\..\..\open_src\curl\lib\multi.c" />
    <ClCompile Include="..\..\..\..\open_src\curl\lib\netrc.c" />
    <ClCompile Include="..\..\..\..\open_src\curl\lib\non-ascii.c" />
    <ClCompile Include="..\..\..\..\open_src\curl\lib\nonblock.c" />
    <ClCompile Include="..\..\..\..\open_src\curl\lib\nwlib.c" />
    <ClCompile Include="..\..\..\..\open_src\curl\lib\nwos.c" />
    <ClCompile Include="..\..\..\..\open_src\curl\lib\openldap.c" />
    <ClCompile Include="..\..\..\..\open_src\curl\lib\parsedate.c" />
    <ClCompile Include="..\..\..\..\open_src\curl\lib\pingpong.c" />
    <ClCompile Include="..\..\..\..\open_src\curl\lib\pop3.c" />
    <ClCompile Include="..\..\..\..\open_src\curl\lib\progress.c" />
    <ClCompile Include="..\..\..\..\open_src\curl\lib\psl.c" />
    <ClCompile Include="..\..\..\..\open_src\curl\lib\rand.c" />
    <ClCompile Include="..\..\..\..\open_src\curl\lib\rename.c" />
    <ClCompile Include="..\..\..\..\open_src\curl\lib\rtsp.c" />
    <ClCompile Include="..\..\..\..\open_src\curl\lib\security.c" />
    <ClCompile Include="..\..\..\..\open_src\curl\lib\select.c" />
    <ClCompile Include="..\..\..\..\open_src\curl\lib\sendf.c" />
    <ClCompile Include="..\..\..\..\open_src\curl\lib\setopt.c" />
    <ClCompile Include="..\..\..\..\open_src\curl\lib\sha256.c" />
    <ClCompile Include="..\..\..\..\open_src\curl\lib\share.c" />
    <ClCompile Include="..\..\..\..\open_src\curl\lib\slist.c" />
    <ClCompile Include="..\..\..\..\open_src\curl\lib\smb.c" />
    <ClCompile Include="..\..\..\..\open_src\curl\lib\smtp.c" />
    <ClCompile Include="..\..\..\..\open_src\curl\lib\socketpair.c" />
    <ClCompile Include="..\..\..\..\open_src\curl\lib\socks.c" />
    <ClCompile Include="..\..\..\..\open_src\curl\lib\socks_gssapi.c" />
    <ClCompile Include="..\..\..\..\open_src\curl\lib\socks_sspi.c" />
    <ClCompile Include="..\..\..\..\open_src\curl\lib\speedcheck.c" />
    <ClCompile Include="..\..\..\..\open_src\curl\lib\splay.c" />
    <ClCompile Include="..\..\..\..\open_src\curl\lib\strcase.c" />
    <ClCompile Include="..\..\..\..\open_src\curl\lib\strdup.c" />
    <ClCompile Include="..\..\..\..\open_src\curl\lib\strerror.c" />
    <ClCompile Include="..\..\..\..\open_src\curl\lib\strtok.c" />
    <ClCompile Include="..\..\..\..\open_src\curl\lib\strtoofft.c" />
    <ClCompile Include="..\..\..\..\open_src\curl\lib\system_win32.c" />
    <ClCompile Include="..\..\..\..\open_src\curl\lib\telnet.c" />
    <ClCompile Include="..\..\..\..\open_src\curl\lib\tftp.c" />
    <ClCompile Include="..\..\..\..\open_src\curl\lib\timeval.c" />
    <ClCompile Include="..\..\..\..\open_src\curl\lib\transfer.c" />
    <ClCompile Include="..\..\..\..\open_src\curl\lib\url.c" />
    <ClCompile Include="..\..\..\..\open_src\curl\lib\urlapi.c" />
    <ClCompile Include="..\..\..\..\open_src\curl\lib\version.c" />
    <ClCompile Include="..\..\..\..\open_src\curl\lib\warnless.c" />
    <ClCompile Include="..\..\..\..\open_src\curl\lib\wildcard.c" />
    <ClCompile Include="..\..\..\..\open_src\curl\lib\x509asn1.c" />
  </ItemGroup>
  <ItemGroup>
    <ClInclude Include="..\..\..\..\open_src\curl\lib\vauth\digest.h">
      <Filter>vauth</Filter>
    </ClInclude>
    <ClInclude Include="..\..\..\..\open_src\curl\lib\vauth\ntlm.h">
      <Filter>vauth</Filter>
    </ClInclude>
    <ClInclude Include="..\..\..\..\open_src\curl\lib\vauth\vauth.h">
      <Filter>vauth</Filter>
    </ClInclude>
    <ClInclude Include="..\..\..\..\open_src\curl\lib\vquic\ngtcp2.h">
      <Filter>vquic</Filter>
    </ClInclude>
    <ClInclude Include="..\..\..\..\open_src\curl\lib\vquic\quiche.h">
      <Filter>vquic</Filter>
    </ClInclude>
    <ClInclude Include="..\..\..\..\open_src\curl\lib\vquic\vquic.h">
      <Filter>vquic</Filter>
    </ClInclude>
    <ClInclude Include="..\..\..\..\open_src\curl\lib\vssh\ssh.h">
      <Filter>vssh</Filter>
    </ClInclude>
    <ClInclude Include="..\..\..\..\open_src\curl\lib\vtls\bearssl.h">
      <Filter>vtls</Filter>
    </ClInclude>
    <ClInclude Include="..\..\..\..\open_src\curl\lib\vtls\gskit.h">
      <Filter>vtls</Filter>
    </ClInclude>
    <ClInclude Include="..\..\..\..\open_src\curl\lib\vtls\gtls.h">
      <Filter>vtls</Filter>
    </ClInclude>
    <ClInclude Include="..\..\..\..\open_src\curl\lib\vtls\keylog.h">
      <Filter>vtls</Filter>
    </ClInclude>
    <ClInclude Include="..\..\..\..\open_src\curl\lib\vtls\mbedtls.h">
      <Filter>vtls</Filter>
    </ClInclude>
    <ClInclude Include="..\..\..\..\open_src\curl\lib\vtls\mbedtls_threadlock.h">
      <Filter>vtls</Filter>
    </ClInclude>
    <ClInclude Include="..\..\..\..\open_src\curl\lib\vtls\mesalink.h">
      <Filter>vtls</Filter>
    </ClInclude>
    <ClInclude Include="..\..\..\..\open_src\curl\lib\vtls\nssg.h">
      <Filter>vtls</Filter>
    </ClInclude>
    <ClInclude Include="..\..\..\..\open_src\curl\lib\vtls\openssl.h">
      <Filter>vtls</Filter>
    </ClInclude>
    <ClInclude Include="..\..\..\..\open_src\curl\lib\vtls\schannel.h">
      <Filter>vtls</Filter>
    </ClInclude>
    <ClInclude Include="..\..\..\..\open_src\curl\lib\vtls\sectransp.h">
      <Filter>vtls</Filter>
    </ClInclude>
    <ClInclude Include="..\..\..\..\open_src\curl\lib\vtls\vtls.h">
      <Filter>vtls</Filter>
    </ClInclude>
    <ClInclude Include="..\..\..\..\open_src\curl\lib\vtls\wolfssl.h">
      <Filter>vtls</Filter>
    </ClInclude>
    <ClInclude Include="..\..\..\..\open_src\curl\lib\altsvc.h" />
    <ClInclude Include="..\..\..\..\open_src\curl\lib\amigaos.h" />
    <ClInclude Include="..\..\..\..\open_src\curl\lib\arpa_telnet.h" />
    <ClInclude Include="..\..\..\..\open_src\curl\lib\asyn.h" />
    <ClInclude Include="..\..\..\..\open_src\curl\lib\config-amigaos.h" />
    <ClInclude Include="..\..\..\..\open_src\curl\lib\config-dos.h" />
    <ClInclude Include="..\..\..\..\open_src\curl\lib\config-mac.h" />
    <ClInclude Include="..\..\..\..\open_src\curl\lib\config-os400.h" />
    <ClInclude Include="..\..\..\..\open_src\curl\lib\config-plan9.h" />
    <ClInclude Include="..\..\..\..\open_src\curl\lib\config-riscos.h" />
    <ClInclude Include="..\..\..\..\open_src\curl\lib\config-symbian.h" />
    <ClInclude Include="..\..\..\..\open_src\curl\lib\config-tpf.h" />
    <ClInclude Include="..\..\..\..\open_src\curl\lib\config-vxworks.h" />
    <ClInclude Include="..\..\..\..\open_src\curl\lib\config-win32.h" />
    <ClInclude Include="..\..\..\..\open_src\curl\lib\config-win32ce.h" />
    <ClInclude Include="..\..\..\..\open_src\curl\lib\conncache.h" />
    <ClInclude Include="..\..\..\..\open_src\curl\lib\connect.h" />
    <ClInclude Include="..\..\..\..\open_src\curl\lib\content_encoding.h" />
    <ClInclude Include="..\..\..\..\open_src\curl\lib\cookie.h" />
    <ClInclude Include="..\..\..\..\open_src\curl\lib\curl_addrinfo.h" />
    <ClInclude Include="..\..\..\..\open_src\curl\lib\curl_base64.h" />
    <ClInclude Include="..\..\..\..\open_src\curl\lib\curl_ctype.h" />
    <ClInclude Include="..\..\..\..\open_src\curl\lib\curl_des.h" />
    <ClInclude Include="..\..\..\..\open_src\curl\lib\curl_endian.h" />
    <ClInclude Include="..\..\..\..\open_src\curl\lib\curl_fnmatch.h" />
    <ClInclude Include="..\..\..\..\open_src\curl\lib\curl_get_line.h" />
    <ClInclude Include="..\..\..\..\open_src\curl\lib\curl_gethostname.h" />
    <ClInclude Include="..\..\..\..\open_src\curl\lib\curl_gssapi.h" />
    <ClInclude Include="..\..\..\..\open_src\curl\lib\curl_hmac.h" />
    <ClInclude Include="..\..\..\..\open_src\curl\lib\curl_ldap.h" />
    <ClInclude Include="..\..\..\..\open_src\curl\lib\curl_md4.h" />
    <ClInclude Include="..\..\..\..\open_src\curl\lib\curl_md5.h" />
    <ClInclude Include="..\..\..\..\open_src\curl\lib\curl_memory.h" />
    <ClInclude Include="..\..\..\..\open_src\curl\lib\curl_memrchr.h" />
    <ClInclude Include="..\..\..\..\open_src\curl\lib\curl_multibyte.h" />
    <ClInclude Include="..\..\..\..\open_src\curl\lib\curl_ntlm_core.h" />
    <ClInclude Include="..\..\..\..\open_src\curl\lib\curl_ntlm_wb.h" />
    <ClInclude Include="..\..\..\..\open_src\curl\lib\curl_path.h" />
    <ClInclude Include="..\..\..\..\open_src\curl\lib\curl_printf.h" />
    <ClInclude Include="..\..\..\..\open_src\curl\lib\curl_range.h" />
    <ClInclude Include="..\..\..\..\open_src\curl\lib\curl_rtmp.h" />
    <ClInclude Include="..\..\..\..\open_src\curl\lib\curl_sasl.h" />
    <ClInclude Include="..\..\..\..\open_src\curl\lib\curl_sec.h" />
    <ClInclude Include="..\..\..\..\open_src\curl\lib\curl_setup.h" />
    <ClInclude Include="..\..\..\..\open_src\curl\lib\curl_setup_once.h" />
    <ClInclude Include="..\..\..\..\open_src\curl\lib\curl_sha256.h" />
    <ClInclude Include="..\..\..\..\open_src\curl\lib\curl_sspi.h" />
    <ClInclude Include="..\..\..\..\open_src\curl\lib\curl_threads.h" />
    <ClInclude Include="..\..\..\..\open_src\curl\lib\curlx.h" />
    <ClInclude Include="..\..\..\..\open_src\curl\lib\dict.h" />
    <ClInclude Include="..\..\..\..\open_src\curl\lib\doh.h" />
    <ClInclude Include="..\..\..\..\open_src\curl\lib\dotdot.h" />
    <ClInclude Include="..\..\..\..\open_src\curl\lib\dynbuf.h" />
    <ClInclude Include="..\..\..\..\open_src\curl\lib\easyif.h" />
    <ClInclude Include="..\..\..\..\open_src\curl\lib\escape.h" />
    <ClInclude Include="..\..\..\..\open_src\curl\lib\file.h" />
    <ClInclude Include="..\..\..\..\open_src\curl\lib\fileinfo.h" />
    <ClInclude Include="..\..\..\..\open_src\curl\lib\formdata.h" />
    <ClInclude Include="..\..\..\..\open_src\curl\lib\ftp.h" />
    <ClInclude Include="..\..\..\..\open_src\curl\lib\ftplistparser.h" />
    <ClInclude Include="..\..\..\..\open_src\curl\lib\getinfo.h" />
    <ClInclude Include="..\..\..\..\open_src\curl\lib\gopher.h" />
    <ClInclude Include="..\..\..\..\open_src\curl\lib\hash.h" />
    <ClInclude Include="..\..\..\..\open_src\curl\lib\hostcheck.h" />
    <ClInclude Include="..\..\..\..\open_src\curl\lib\hostip.h" />
    <ClInclude Include="..\..\..\..\open_src\curl\lib\http.h" />
    <ClInclude Include="..\..\..\..\open_src\curl\lib\http_chunks.h" />
    <ClInclude Include="..\..\..\..\open_src\curl\lib\http_digest.h" />
    <ClInclude Include="..\..\..\..\open_src\curl\lib\http_negotiate.h" />
    <ClInclude Include="..\..\..\..\open_src\curl\lib\http_ntlm.h" />
    <ClInclude Include="..\..\..\..\open_src\curl\lib\http_proxy.h" />
    <ClInclude Include="..\..\..\..\open_src\curl\lib\http2.h" />
    <ClInclude Include="..\..\..\..\open_src\curl\lib\if2ip.h" />
    <ClInclude Include="..\..\..\..\open_src\curl\lib\imap.h" />
    <ClInclude Include="..\..\..\..\open_src\curl\lib\inet_ntop.h" />
    <ClInclude Include="..\..\..\..\open_src\curl\lib\inet_pton.h" />
    <ClInclude Include="..\..\..\..\open_src\curl\lib\llist.h" />
    <ClInclude Include="..\..\..\..\open_src\curl\lib\memdebug.h" />
    <ClInclude Include="..\..\..\..\open_src\curl\lib\mime.h" />
    <ClInclude Include="..\..\..\..\open_src\curl\lib\mqtt.h" />
    <ClInclude Include="..\..\..\..\open_src\curl\lib\multihandle.h" />
    <ClInclude Include="..\..\..\..\open_src\curl\lib\multiif.h" />
    <ClInclude Include="..\..\..\..\open_src\curl\lib\netrc.h" />
    <ClInclude Include="..\..\..\..\open_src\curl\lib\non-ascii.h" />
    <ClInclude Include="..\..\..\..\open_src\curl\lib\nonblock.h" />
    <ClInclude Include="..\..\..\..\open_src\curl\lib\parsedate.h" />
    <ClInclude Include="..\..\..\..\open_src\curl\lib\pingpong.h" />
    <ClInclude Include="..\..\..\..\open_src\curl\lib\pop3.h" />
    <ClInclude Include="..\..\..\..\open_src\curl\lib\progress.h" />
    <ClInclude Include="..\..\..\..\open_src\curl\lib\psl.h" />
    <ClInclude Include="..\..\..\..\open_src\curl\lib\quic.h" />
    <ClInclude Include="..\..\..\..\open_src\curl\lib\rand.h" />
    <ClInclude Include="..\..\..\..\open_src\curl\lib\rename.h" />
    <ClInclude Include="..\..\..\..\open_src\curl\lib\rtsp.h" />
    <ClInclude Include="..\..\..\..\open_src\curl\lib\select.h" />
    <ClInclude Include="..\..\..\..\open_src\curl\lib\sendf.h" />
    <ClInclude Include="..\..\..\..\open_src\curl\lib\setopt.h" />
    <ClInclude Include="..\..\..\..\open_src\curl\lib\setup-os400.h" />
    <ClInclude Include="..\..\..\..\open_src\curl\lib\setup-vms.h" />
    <ClInclude Include="..\..\..\..\open_src\curl\lib\setup-win32.h" />
    <ClInclude Include="..\..\..\..\open_src\curl\lib\share.h" />
    <ClInclude Include="..\..\..\..\open_src\curl\lib\sigpipe.h" />
    <ClInclude Include="..\..\..\..\open_src\curl\lib\slist.h" />
    <ClInclude Include="..\..\..\..\open_src\curl\lib\smb.h" />
    <ClInclude Include="..\..\..\..\open_src\curl\lib\smtp.h" />
    <ClInclude Include="..\..\..\..\open_src\curl\lib\sockaddr.h" />
    <ClInclude Include="..\..\..\..\open_src\curl\lib\socketpair.h" />
    <ClInclude Include="..\..\..\..\open_src\curl\lib\socks.h" />
    <ClInclude Include="..\..\..\..\open_src\curl\lib\speedcheck.h" />
    <ClInclude Include="..\..\..\..\open_src\curl\lib\splay.h" />
    <ClInclude Include="..\..\..\..\open_src\curl\lib\strcase.h" />
    <ClInclude Include="..\..\..\..\open_src\curl\lib\strdup.h" />
    <ClInclude Include="..\..\..\..\open_src\curl\lib\strerror.h" />
    <ClInclude Include="..\..\..\..\open_src\curl\lib\strtok.h" />
    <ClInclude Include="..\..\..\..\open_src\curl\lib\strtoofft.h" />
    <ClInclude Include="..\..\..\..\open_src\curl\lib\system_win32.h" />
    <ClInclude Include="..\..\..\..\open_src\curl\lib\telnet.h" />
    <ClInclude Include="..\..\..\..\open_src\curl\lib\tftp.h" />
    <ClInclude Include="..\..\..\..\open_src\curl\lib\timeval.h" />
    <ClInclude Include="..\..\..\..\open_src\curl\lib\transfer.h" />
    <ClInclude Include="..\..\..\..\open_src\curl\lib\url.h" />
    <ClInclude Include="..\..\..\..\open_src\curl\lib\urlapi-int.h" />
    <ClInclude Include="..\..\..\..\open_src\curl\lib\urldata.h" />
    <ClInclude Include="..\..\..\..\open_src\curl\lib\warnless.h" />
    <ClInclude Include="..\..\..\..\open_src\curl\lib\wildcard.h" />
    <ClInclude Include="..\..\..\..\open_src\curl\lib\x509asn1.h" />
  </ItemGroup>
</Project>